<?xml version="1.0" encoding="utf-8"?>
<Project ToolsVersion="4.0" xmlns="http://schemas.microsoft.com/developer/msbuild/2003">
  <ItemGroup>
    <Filter Include="源文件">
      <UniqueIdentifier>{4FC737F1-C7A5-4376-A066-2A32D752A2FF}</UniqueIdentifier>
      <Extensions>cpp;c;cc;cxx;def;odl;idl;hpj;bat;asm;asmx</Extensions>
    </Filter>
    <Filter Include="头文件">
      <UniqueIdentifier>{93995380-89BD-4b04-88EB-625FBE52EBFB}</UniqueIdentifier>
      <Extensions>h;hh;hpp;hxx;hm;inl;inc;ipp;xsd</Extensions>
    </Filter>
    <Filter Include="资源文件">
      <UniqueIdentifier>{67DA6AB6-F800-4c08-8B7A-83BB121AAD01}</UniqueIdentifier>
      <Extensions>rc;ico;cur;bmp;dlg;rc2;rct;bin;rgs;gif;jpg;jpeg;jpe;resx;tiff;tif;png;wav;mfcribbon-ms</Extensions>
    </Filter>
    <Filter Include="include">
      <UniqueIdentifier>{6871d3a8-9062-464f-81d5-03c8a0e678b3}</UniqueIdentifier>
    </Filter>
    <Filter Include="src">
      <UniqueIdentifier>{9893c140-2a8d-44da-b4f8-9d1c37fabf1e}</UniqueIdentifier>
    </Filter>
  </ItemGroup>
  <ItemGroup>
    <ClInclude Include="framework.h">
      <Filter>头文件</Filter>
    </ClInclude>
    <ClInclude Include="pch.h">
      <Filter>头文件</Filter>
    </ClInclude>
    <ClInclude Include="..\..\..\framework\thirdparty\expat\lib\ascii.h">
      <Filter>include</Filter>
    </ClInclude>
    <ClInclude Include="..\..\..\framework\thirdparty\expat\lib\asciitab.h">
      <Filter>include</Filter>
    </ClInclude>
    <ClInclude Include="..\..\..\framework\thirdparty\expat\lib\expat.h">
      <Filter>include</Filter>
    </ClInclude>
    <ClInclude Include="..\..\..\framework\thirdparty\expat\lib\expat_external.h">
      <Filter>include</Filter>
    </ClInclude>
    <ClInclude Include="..\..\..\framework\thirdparty\expat\lib\iasciitab.h">
      <Filter>include</Filter>
    </ClInclude>
    <ClInclude Include="..\..\..\framework\thirdparty\expat\lib\internal.h">
      <Filter>include</Filter>
    </ClInclude>
    <ClInclude Include="..\..\..\framework\thirdparty\expat\lib\latin1tab.h">
      <Filter>include</Filter>
    </ClInclude>
    <ClInclude Include="..\..\..\framework\thirdparty\expat\lib\nametab.h">
      <Filter>include</Filter>
    </ClInclude>
    <ClInclude Include="..\..\..\framework\thirdparty\expat\lib\utf8tab.h">
      <Filter>include</Filter>
    </ClInclude>
    <ClInclude Include="..\..\..\framework\thirdparty\expat\lib\xmlrole.h">
      <Filter>include</Filter>
    </ClInclude>
    <ClInclude Include="..\..\..\framework\thirdparty\expat\lib\xmltok.h">
      <Filter>include</Filter>
    </ClInclude>
    <ClInclude Include="..\..\..\framework\thirdparty\expat\lib\xmltok_impl.h">
      <Filter>include</Filter>
    </ClInclude>
    <ClInclude Include="..\..\..\framework\thirdparty\expat\expat_config.h">
      <Filter>include</Filter>
    </ClInclude>
  </ItemGroup>
  <ItemGroup>
    <ClCompile Include="dllmain.cpp">
      <Filter>源文件</Filter>
    </ClCompile>
    <ClCompile Include="pch.cpp">
      <Filter>源文件</Filter>
    </ClCompile>
    <ClCompile Include="..\..\..\framework\thirdparty\expat\lib\xmlparse.c">
      <Filter>src</Filter>
    </ClCompile>
    <ClCompile Include="..\..\..\framework\thirdparty\expat\lib\xmlrole.c">
      <Filter>src</Filter>
    </ClCompile>
    <ClCompile Include="..\..\..\framework\thirdparty\expat\lib\xmltok.c">
      <Filter>src</Filter>
    </ClCompile>
    <ClCompile Include="..\..\..\framework\thirdparty\expat\lib\xmltok_impl.c">
      <Filter>src</Filter>
    </ClCompile>
    <ClCompile Include="..\..\..\framework\thirdparty\expat\lib\xmltok_ns.c">
      <Filter>src</Filter>
    </ClCompile>
  </ItemGroup>
  <ItemGroup>
    <None Include="expat.def">
      <Filter>源文件</Filter>
    </None>
  </ItemGroup>
</Project>