
Microsoft Visual Studio Solution File, Format Version 12.00
# Visual Studio Version 16
VisualStudioVersion = 16.0.29123.88
MinimumVisualStudioVersion = 10.0.40219.1
Project("{8BC9CEB8-8B4A-11D0-8D11-00A0C91BC942}") = "app", "app.vcxproj", "{C9F182D2-0DF5-47B5-BAE4-A4B9E3FB1352}"
EndProject
Project("{8BC9CEB8-8B4A-11D0-8D11-00A0C91BC942}") = "core", "..\core\core.vcxproj", "{CD543DD6-9FF6-4685-B183-0B37FD9A4AA2}"
EndProject
Project("{8BC9CEB8-8B4A-11D0-8D11-00A0C91BC942}") = "expat", "..\expat\expat.vcxproj", "{B0E2FB33-2012-4FBD-9519-F50F32A86531}"
EndProject
Project("{8BC9CEB8-8B4A-11D0-8D11-00A0C91BC942}") = "jpeg", "..\jpeg\jpeg.vcxproj", "{B55BD03F-2DA4-4202-92D0-C634032CD830}"
EndProject
Project("{8BC9CEB8-8B4A-11D0-8D11-00A0C91BC942}") = "zlib", "..\zlib\zlib.vcxproj", "{D0230852-D21E-41D1-9D4E-C81A0BB9038F}"
EndProject
Project("{8BC9CEB8-8B4A-11D0-8D11-00A0C91BC942}") = "png", "..\png\png.vcxproj", "{C9C1A0D9-3B4A-4CC9-BCED-2008A60B0D1C}"
EndProject
Project("{8BC9CEB8-8B4A-11D0-8D11-00A0C91BC942}") = "freetype", "..\freetype\freetype.vcxproj", "{385E51CF-649B-472C-80EA-30A03BC73E13}"
EndProject
Project("{8BC9CEB8-8B4A-11D0-8D11-00A0C91BC942}") = "skia", "..\skia\skia.vcxproj", "{69B61F84-7F81-4923-8DB5-E10DAB216117}"
EndProject
Global
	GlobalSection(SolutionConfigurationPlatforms) = preSolution
		Debug|x64 = Debug|x64
		Debug|x86 = Debug|x86
		Release|x64 = Release|x64
		Release|x86 = Release|x86
	EndGlobalSection
	GlobalSection(ProjectConfigurationPlatforms) = postSolution
		{C9F182D2-0DF5-47B5-BAE4-A4B9E3FB1352}.Debug|x64.ActiveCfg = Debug|x64
		{C9F182D2-0DF5-47B5-BAE4-A4B9E3FB1352}.Debug|x64.Build.0 = Debug|x64
		{C9F182D2-0DF5-47B5-BAE4-A4B9E3FB1352}.Debug|x86.ActiveCfg = Debug|Win32
		{C9F182D2-0DF5-47B5-BAE4-A4B9E3FB1352}.Debug|x86.Build.0 = Debug|Win32
		{C9F182D2-0DF5-47B5-BAE4-A4B9E3FB1352}.Release|x64.ActiveCfg = Release|x64
		{C9F182D2-0DF5-47B5-BAE4-A4B9E3FB1352}.Release|x64.Build.0 = Release|x64
		{C9F182D2-0DF5-47B5-BAE4-A4B9E3FB1352}.Release|x86.ActiveCfg = Release|Win32
		{C9F182D2-0DF5-47B5-BAE4-A4B9E3FB1352}.Release|x86.Build.0 = Release|Win32
		{CD543DD6-9FF6-4685-B183-0B37FD9A4AA2}.Debug|x64.ActiveCfg = Debug|x64
		{CD543DD6-9FF6-4685-B183-0B37FD9A4AA2}.Debug|x64.Build.0 = Debug|x64
		{CD543DD6-9FF6-4685-B183-0B37FD9A4AA2}.Debug|x86.ActiveCfg = Debug|Win32
		{CD543DD6-9FF6-4685-B183-0B37FD9A4AA2}.Debug|x86.Build.0 = Debug|Win32
		{CD543DD6-9FF6-4685-B183-0B37FD9A4AA2}.Release|x64.ActiveCfg = Release|x64
		{CD543DD6-9FF6-4685-B183-0B37FD9A4AA2}.Release|x64.Build.0 = Release|x64
		{CD543DD6-9FF6-4685-B183-0B37FD9A4AA2}.Release|x86.ActiveCfg = Release|Win32
		{CD543DD6-9FF6-4685-B183-0B37FD9A4AA2}.Release|x86.Build.0 = Release|Win32
		{B0E2FB33-2012-4FBD-9519-F50F32A86531}.Debug|x64.ActiveCfg = Debug|x64
		{B0E2FB33-2012-4FBD-9519-F50F32A86531}.Debug|x64.Build.0 = Debug|x64
		{B0E2FB33-2012-4FBD-9519-F50F32A86531}.Debug|x86.ActiveCfg = Debug|Win32
		{B0E2FB33-2012-4FBD-9519-F50F32A86531}.Debug|x86.Build.0 = Debug|Win32
		{B0E2FB33-2012-4FBD-9519-F50F32A86531}.Release|x64.ActiveCfg = Release|x64
		{B0E2FB33-2012-4FBD-9519-F50F32A86531}.Release|x64.Build.0 = Release|x64
		{B0E2FB33-2012-4FBD-9519-F50F32A86531}.Release|x86.ActiveCfg = Release|Win32
		{B0E2FB33-2012-4FBD-9519-F50F32A86531}.Release|x86.Build.0 = Release|Win32
		{B55BD03F-2DA4-4202-92D0-C634032CD830}.Debug|x64.ActiveCfg = Debug|x64
		{B55BD03F-2DA4-4202-92D0-C634032CD830}.Debug|x64.Build.0 = Debug|x64
		{B55BD03F-2DA4-4202-92D0-C634032CD830}.Debug|x86.ActiveCfg = Debug|Win32
		{B55BD03F-2DA4-4202-92D0-C634032CD830}.Debug|x86.Build.0 = Debug|Win32
		{B55BD03F-2DA4-4202-92D0-C634032CD830}.Release|x64.ActiveCfg = Release|x64
		{B55BD03F-2DA4-4202-92D0-C634032CD830}.Release|x64.Build.0 = Release|x64
		{B55BD03F-2DA4-4202-92D0-C634032CD830}.Release|x86.ActiveCfg = Release|Win32
		{B55BD03F-2DA4-4202-92D0-C634032CD830}.Release|x86.Build.0 = Release|Win32
		{D0230852-D21E-41D1-9D4E-C81A0BB9038F}.Debug|x64.ActiveCfg = Debug|x64
		{D0230852-D21E-41D1-9D4E-C81A0BB9038F}.Debug|x64.Build.0 = Debug|x64
		{D0230852-D21E-41D1-9D4E-C81A0BB9038F}.Debug|x86.ActiveCfg = Debug|Win32
		{D0230852-D21E-41D1-9D4E-C81A0BB9038F}.Debug|x86.Build.0 = Debug|Win32
		{D0230852-D21E-41D1-9D4E-C81A0BB9038F}.Release|x64.ActiveCfg = Release|x64
		{D0230852-D21E-41D1-9D4E-C81A0BB9038F}.Release|x64.Build.0 = Release|x64
		{D0230852-D21E-41D1-9D4E-C81A0BB9038F}.Release|x86.ActiveCfg = Release|Win32
		{D0230852-D21E-41D1-9D4E-C81A0BB9038F}.Release|x86.Build.0 = Release|Win32
		{C9C1A0D9-3B4A-4CC9-BCED-2008A60B0D1C}.Debug|x64.ActiveCfg = Debug|x64
		{C9C1A0D9-3B4A-4CC9-BCED-2008A60B0D1C}.Debug|x64.Build.0 = Debug|x64
		{C9C1A0D9-3B4A-4CC9-BCED-2008A60B0D1C}.Debug|x86.ActiveCfg = Debug|Win32
		{C9C1A0D9-3B4A-4CC9-BCED-2008A60B0D1C}.Debug|x86.Build.0 = Debug|Win32
		{C9C1A0D9-3B4A-4CC9-BCED-2008A60B0D1C}.Release|x64.ActiveCfg = Release|x64
		{C9C1A0D9-3B4A-4CC9-BCED-2008A60B0D1C}.Release|x64.Build.0 = Release|x64
		{C9C1A0D9-3B4A-4CC9-BCED-2008A60B0D1C}.Release|x86.ActiveCfg = Release|Win32
		{C9C1A0D9-3B4A-4CC9-BCED-2008A60B0D1C}.Release|x86.Build.0 = Release|Win32
		{385E51CF-649B-472C-80EA-30A03BC73E13}.Debug|x64.ActiveCfg = Debug|x64
		{385E51CF-649B-472C-80EA-30A03BC73E13}.Debug|x64.Build.0 = Debug|x64
		{385E51CF-649B-472C-80EA-30A03BC73E13}.Debug|x86.ActiveCfg = Debug|Win32
		{385E51CF-649B-472C-80EA-30A03BC73E13}.Debug|x86.Build.0 = Debug|Win32
		{385E51CF-649B-472C-80EA-30A03BC73E13}.Release|x64.ActiveCfg = Release|x64
		{385E51CF-649B-472C-80EA-30A03BC73E13}.Release|x64.Build.0 = Release|x64
		{385E51CF-649B-472C-80EA-30A03BC73E13}.Release|x86.ActiveCfg = Release|Win32
		{385E51CF-649B-472C-80EA-30A03BC73E13}.Release|x86.Build.0 = Release|Win32
		{69B61F84-7F81-4923-8DB5-E10DAB216117}.Debug|x64.ActiveCfg = Debug|x64
		{69B61F84-7F81-4923-8DB5-E10DAB216117}.Debug|x64.Build.0 = Debug|x64
		{69B61F84-7F81-4923-8DB5-E10DAB216117}.Debug|x86.ActiveCfg = Debug|Win32
		{69B61F84-7F81-4923-8DB5-E10DAB216117}.Debug|x86.Build.0 = Debug|Win32
		{69B61F84-7F81-4923-8DB5-E10DAB216117}.Release|x64.ActiveCfg = Release|x64
		{69B61F84-7F81-4923-8DB5-E10DAB216117}.Release|x64.Build.0 = Release|x64
		{69B61F84-7F81-4923-8DB5-E10DAB216117}.Release|x86.ActiveCfg = Release|Win32
		{69B61F84-7F81-4923-8DB5-E10DAB216117}.Release|x86.Build.0 = Release|Win32
	EndGlobalSection
	GlobalSection(SolutionProperties) = preSolution
		HideSolutionNode = FALSE
	EndGlobalSection
	GlobalSection(ExtensibilityGlobals) = postSolution
		SolutionGuid = {871F0B2E-F631-4230-AF76-790007E076D0}
	EndGlobalSection
EndGlobal
