<?xml version="1.0" encoding="utf-8"?>
<Project ToolsVersion="4.0" xmlns="http://schemas.microsoft.com/developer/msbuild/2003">
  <ItemGroup>
    <Filter Include="源文件">
      <UniqueIdentifier>{4FC737F1-C7A5-4376-A066-2A32D752A2FF}</UniqueIdentifier>
      <Extensions>cpp;c;cc;cxx;def;odl;idl;hpj;bat;asm;asmx</Extensions>
    </Filter>
    <Filter Include="头文件">
      <UniqueIdentifier>{93995380-89BD-4b04-88EB-625FBE52EBFB}</UniqueIdentifier>
      <Extensions>h;hh;hpp;hxx;hm;inl;inc;ipp;xsd</Extensions>
    </Filter>
    <Filter Include="资源文件">
      <UniqueIdentifier>{67DA6AB6-F800-4c08-8B7A-83BB121AAD01}</UniqueIdentifier>
      <Extensions>rc;ico;cur;bmp;dlg;rc2;rct;bin;rgs;gif;jpg;jpeg;jpe;resx;tiff;tif;png;wav;mfcribbon-ms</Extensions>
    </Filter>
    <Filter Include="thread">
      <UniqueIdentifier>{d1412a39-d2cc-4ef9-bb10-788eb573e3e0}</UniqueIdentifier>
    </Filter>
    <Filter Include="platform">
      <UniqueIdentifier>{30f606fd-4f11-4ef9-8130-0d84d585cf29}</UniqueIdentifier>
    </Filter>
    <Filter Include="port">
      <UniqueIdentifier>{c58ba730-e888-46c8-878a-217994370f60}</UniqueIdentifier>
    </Filter>
    <Filter Include="port\win">
      <UniqueIdentifier>{644d7e23-175a-432a-a37b-ce9c2aad2d5e}</UniqueIdentifier>
    </Filter>
    <Filter Include="thread\event">
      <UniqueIdentifier>{4270ed52-0212-435f-8b2a-7c0b009b1f8f}</UniqueIdentifier>
    </Filter>
    <Filter Include="thread\time">
      <UniqueIdentifier>{d9028067-72eb-4bfe-87a6-e7809e0daddb}</UniqueIdentifier>
    </Filter>
    <Filter Include="thread\task">
      <UniqueIdentifier>{7f6004f5-ea06-4de4-ad08-23db371fe860}</UniqueIdentifier>
    </Filter>
    <Filter Include="platform\win">
      <UniqueIdentifier>{5880a741-7c3e-4c8f-8062-35292ba3af68}</UniqueIdentifier>
    </Filter>
    <Filter Include="engine">
      <UniqueIdentifier>{5f7fc4b7-ca56-47a5-994b-52a4f521dae1}</UniqueIdentifier>
    </Filter>
    <Filter Include="apis">
      <UniqueIdentifier>{5bdfa8a5-d530-450b-9bc1-58ead3cb424a}</UniqueIdentifier>
    </Filter>
    <Filter Include="core">
      <UniqueIdentifier>{8bee3af1-f283-47f5-a0d7-8502d50d9df5}</UniqueIdentifier>
    </Filter>
    <Filter Include="core\view">
      <UniqueIdentifier>{e76db31f-aa8e-4298-8a04-857709e834e6}</UniqueIdentifier>
    </Filter>
    <Filter Include="core\paint">
      <UniqueIdentifier>{48f5d6b4-4e2e-47af-9e81-ad11190921f4}</UniqueIdentifier>
    </Filter>
    <Filter Include="core\dom">
      <UniqueIdentifier>{34fac322-0219-44a2-b2d7-8056c466d66f}</UniqueIdentifier>
    </Filter>
    <Filter Include="core\layout">
      <UniqueIdentifier>{dadf0aac-f852-4c2f-8aac-6bae5b4a4ef2}</UniqueIdentifier>
    </Filter>
    <Filter Include="core\style">
      <UniqueIdentifier>{fb0735c6-0a3f-43aa-b6e5-c741517824c1}</UniqueIdentifier>
    </Filter>
    <Filter Include="app">
      <UniqueIdentifier>{09f4dbc6-1ef4-4d34-b52c-48940bb4167f}</UniqueIdentifier>
    </Filter>
    <Filter Include="example">
      <UniqueIdentifier>{907b6dd3-fa6b-48ad-a939-7cc858cfa145}</UniqueIdentifier>
    </Filter>
  </ItemGroup>
  <ItemGroup>
    <ClInclude Include="framework.h">
      <Filter>头文件</Filter>
    </ClInclude>
    <ClInclude Include="pch.h">
      <Filter>头文件</Filter>
    </ClInclude>
    <ClInclude Include="..\..\..\framework\boymue\thread\Thread.h">
      <Filter>thread</Filter>
    </ClInclude>
    <ClInclude Include="..\..\..\framework\boymue\port\win\BoymueOnLoadWin.h">
      <Filter>port\win</Filter>
    </ClInclude>
    <ClInclude Include="..\..\..\framework\boymue\thread\event\WaitEvent.h">
      <Filter>thread\event</Filter>
    </ClInclude>
    <ClInclude Include="..\..\..\framework\boymue\thread\time\TimePoint.h">
      <Filter>thread\time</Filter>
    </ClInclude>
    <ClInclude Include="..\..\..\framework\boymue\thread\time\TimeDelta.h">
      <Filter>thread\time</Filter>
    </ClInclude>
    <ClInclude Include="..\..\..\framework\boymue\thread\task\TaskRunner.h">
      <Filter>thread\task</Filter>
    </ClInclude>
    <ClInclude Include="..\..\..\framework\boymue\thread\task\Task.h">
      <Filter>thread\task</Filter>
    </ClInclude>
    <ClInclude Include="..\..\..\framework\boymue\thread\task\TaskThread.h">
      <Filter>thread\task</Filter>
    </ClInclude>
    <ClInclude Include="..\..\..\framework\boymue\core\view\BoymueView.h">
      <Filter>core\view</Filter>
    </ClInclude>
    <ClInclude Include="..\..\..\framework\boymue\core\paint\PaintContext.h">
      <Filter>core\paint</Filter>
    </ClInclude>
    <ClInclude Include="..\..\..\framework\boymue\platform\win\PaintContextWin.h">
      <Filter>platform\win</Filter>
    </ClInclude>
    <ClInclude Include="..\..\..\framework\boymue\engine\JsEngine.h">
      <Filter>engine</Filter>
    </ClInclude>
    <ClInclude Include="..\..\..\framework\boymue\engine\JsApiInterface.h">
      <Filter>engine</Filter>
    </ClInclude>
    <ClInclude Include="..\..\..\framework\boymue\apis\JsLogApi.h">
      <Filter>apis</Filter>
    </ClInclude>
    <ClInclude Include="..\..\..\framework\boymue\thread\ThreadExecutor.h">
      <Filter>thread</Filter>
    </ClInclude>
    <ClInclude Include="..\..\..\framework\boymue\core\dom\Document.h">
      <Filter>core\dom</Filter>
    </ClInclude>
    <ClInclude Include="..\..\..\framework\boymue\core\dom\DomTags.h">
      <Filter>core\dom</Filter>
    </ClInclude>
    <ClInclude Include="..\..\..\framework\boymue\core\dom\DocumentElement.h">
      <Filter>core\dom</Filter>
    </ClInclude>
    <ClInclude Include="..\..\..\framework\boymue\core\dom\ViewElement.h">
      <Filter>core\dom</Filter>
    </ClInclude>
    <ClInclude Include="..\..\..\framework\boymue\core\dom\TextElement.h">
      <Filter>core\dom</Filter>
    </ClInclude>
    <ClInclude Include="..\..\..\framework\boymue\core\layout\TextLayout.h">
      <Filter>core\layout</Filter>
    </ClInclude>
    <ClInclude Include="..\..\..\framework\boymue\app\BoymueApplication.h">
      <Filter>app</Filter>
    </ClInclude>
    <ClInclude Include="..\..\..\framework\boymue\core\layout\Layout.h">
      <Filter>core\layout</Filter>
    </ClInclude>
    <ClInclude Include="..\..\..\framework\boymue\core\style\StyleEngine.h">
      <Filter>core\style</Filter>
    </ClInclude>
    <ClInclude Include="..\..\..\framework\boymue\core\paint\Painter.h">
      <Filter>core\paint</Filter>
    </ClInclude>
    <ClInclude Include="..\..\..\framework\boymue\core\paint\TextPainter.h">
      <Filter>core\paint</Filter>
    </ClInclude>
    <ClInclude Include="..\..\..\framework\boymue\core\paint\PaintInfo.h">
      <Filter>core\paint</Filter>
    </ClInclude>
    <ClInclude Include="..\..\..\framework\boymue\core\dom\ImageElement.h">
      <Filter>core\dom</Filter>
    </ClInclude>
  </ItemGroup>
  <ItemGroup>
    <ClCompile Include="dllmain.cpp">
      <Filter>源文件</Filter>
    </ClCompile>
    <ClCompile Include="pch.cpp">
      <Filter>源文件</Filter>
    </ClCompile>
    <ClCompile Include="..\..\..\framework\boymue\thread\Thread.cpp">
      <Filter>thread</Filter>
    </ClCompile>
    <ClCompile Include="..\..\..\framework\boymue\port\win\BoymueOnLoadWin.cpp">
      <Filter>port\win</Filter>
    </ClCompile>
    <ClCompile Include="..\..\..\framework\boymue\thread\event\WaitEvent.cpp">
      <Filter>thread\event</Filter>
    </ClCompile>
    <ClCompile Include="..\..\..\framework\boymue\thread\time\TimePoint.cpp">
      <Filter>thread\time</Filter>
    </ClCompile>
    <ClCompile Include="..\..\..\framework\boymue\thread\task\TaskRunner.cpp">
      <Filter>thread\task</Filter>
    </ClCompile>
    <ClCompile Include="..\..\..\framework\boymue\thread\task\Task.cpp">
      <Filter>thread\task</Filter>
    </ClCompile>
    <ClCompile Include="..\..\..\framework\boymue\thread\task\TaskThread.cpp">
      <Filter>thread\task</Filter>
    </ClCompile>
    <ClCompile Include="..\..\..\framework\boymue\core\view\BoymueView.cpp">
      <Filter>core\view</Filter>
    </ClCompile>
    <ClCompile Include="..\..\..\framework\boymue\platform\win\PaintContextWin.cpp">
      <Filter>platform\win</Filter>
    </ClCompile>
    <ClCompile Include="..\..\..\framework\boymue\engine\JsEngine.cpp">
      <Filter>engine</Filter>
    </ClCompile>
    <ClCompile Include="..\..\..\framework\boymue\apis\JsLogApi.cpp">
      <Filter>apis</Filter>
    </ClCompile>
    <ClCompile Include="..\..\..\framework\boymue\thread\ThreadExecutor.cpp">
      <Filter>thread</Filter>
    </ClCompile>
    <ClCompile Include="..\..\..\framework\boymue\core\dom\Document.cpp">
      <Filter>core\dom</Filter>
    </ClCompile>
    <ClCompile Include="..\..\..\framework\boymue\core\dom\DomTags.cpp">
      <Filter>core\dom</Filter>
    </ClCompile>
    <ClCompile Include="..\..\..\framework\boymue\core\dom\TextElement.cpp">
      <Filter>core\dom</Filter>
    </ClCompile>
    <ClCompile Include="..\..\..\framework\boymue\core\dom\DocumentElement.cpp">
      <Filter>core\dom</Filter>
    </ClCompile>
    <ClCompile Include="..\..\..\framework\boymue\core\dom\ViewElement.cpp">
      <Filter>core\dom</Filter>
    </ClCompile>
    <ClCompile Include="..\..\..\framework\boymue\app\BoymueApplication.cpp">
      <Filter>app</Filter>
    </ClCompile>
    <ClCompile Include="..\..\..\framework\boymue\core\layout\Layout.cpp">
      <Filter>core\layout</Filter>
    </ClCompile>
    <ClCompile Include="..\..\..\framework\boymue\core\paint\Painter.cpp">
      <Filter>core\paint</Filter>
    </ClCompile>
    <ClCompile Include="..\..\..\framework\boymue\core\paint\TextPainter.cpp">
      <Filter>core\paint</Filter>
    </ClCompile>
    <ClCompile Include="..\..\..\framework\boymue\core\dom\ImageElement.cpp">
      <Filter>core\dom</Filter>
    </ClCompile>
  </ItemGroup>
  <ItemGroup>
    <None Include="core.def">
      <Filter>源文件</Filter>
    </None>
    <None Include="..\..\..\boymuejs\example\test.js">
      <Filter>example</Filter>
    </None>
    <None Include="..\..\..\boymuejs\example\config.json">
      <Filter>example</Filter>
    </None>
  </ItemGroup>
  <ItemGroup>
    <Xml Include="..\..\..\boymuejs\example\test.xml">
      <Filter>example</Filter>
    </Xml>
  </ItemGroup>
</Project>