// !$*UTF8*$!
{
	archiveVersion = 1;
	classes = {
	};
	objectVersion = 55;
	objects = {

/* Begin PBXBuildFile section */
		4C2C061928C05743005EE37F /* BoymueBridge.mm in Sources */ = {isa = PBXBuildFile; fileRef = 4C2C061828C05743005EE37F /* BoymueBridge.mm */; };
		4C2C061C28C08485005EE37F /* thirdparty.framework in CopyFiles */ = {isa = PBXBuildFile; fileRef = 4CB016B128B325CA0039F675 /* thirdparty.framework */; settings = {ATTRIBUTES = (CodeSignOnCopy, RemoveHeadersOnCopy, ); }; };
		4C2C062F28C1A77D005EE37F /* DocumentElement.h in Headers */ = {isa = PBXBuildFile; fileRef = 4C2C062328C1A77C005EE37F /* DocumentElement.h */; };
		4C2C063028C1A77D005EE37F /* Document.h in Headers */ = {isa = PBXBuildFile; fileRef = 4C2C062428C1A77C005EE37F /* Document.h */; };
		4C2C063128C1A77D005EE37F /* DomTags.h in Headers */ = {isa = PBXBuildFile; fileRef = 4C2C062528C1A77C005EE37F /* DomTags.h */; };
		4C2C063228C1A77D005EE37F /* Document.cpp in Sources */ = {isa = PBXBuildFile; fileRef = 4C2C062628C1A77C005EE37F /* Document.cpp */; };
		4C2C063328C1A77D005EE37F /* TextElement.cpp in Sources */ = {isa = PBXBuildFile; fileRef = 4C2C062728C1A77C005EE37F /* TextElement.cpp */; };
		4C2C063428C1A77D005EE37F /* ImageElement.h in Headers */ = {isa = PBXBuildFile; fileRef = 4C2C062828C1A77C005EE37F /* ImageElement.h */; };
		4C2C063528C1A77D005EE37F /* TextElement.h in Headers */ = {isa = PBXBuildFile; fileRef = 4C2C062928C1A77C005EE37F /* TextElement.h */; };
		4C2C063628C1A77D005EE37F /* ViewElement.cpp in Sources */ = {isa = PBXBuildFile; fileRef = 4C2C062A28C1A77C005EE37F /* ViewElement.cpp */; };
		4C2C063728C1A77D005EE37F /* ImageElement.cpp in Sources */ = {isa = PBXBuildFile; fileRef = 4C2C062B28C1A77C005EE37F /* ImageElement.cpp */; };
		4C2C063828C1A77D005EE37F /* ViewElement.h in Headers */ = {isa = PBXBuildFile; fileRef = 4C2C062C28C1A77C005EE37F /* ViewElement.h */; };
		4C2C063928C1A77D005EE37F /* DocumentElement.cpp in Sources */ = {isa = PBXBuildFile; fileRef = 4C2C062D28C1A77C005EE37F /* DocumentElement.cpp */; };
		4C2C063A28C1A77D005EE37F /* DomTags.cpp in Sources */ = {isa = PBXBuildFile; fileRef = 4C2C062E28C1A77C005EE37F /* DomTags.cpp */; };
		4C2C063E28C59A17005EE37F /* BoymueAppInfo.cpp in Sources */ = {isa = PBXBuildFile; fileRef = 4C2C063D28C59A17005EE37F /* BoymueAppInfo.cpp */; };
		4C2C064128C5A374005EE37F /* FileUtil.cpp in Sources */ = {isa = PBXBuildFile; fileRef = 4C2C063F28C5A374005EE37F /* FileUtil.cpp */; };
		4C2C064228C5A374005EE37F /* FileUtil.h in Headers */ = {isa = PBXBuildFile; fileRef = 4C2C064028C5A374005EE37F /* FileUtil.h */; };
		4C2C064528C5D406005EE37F /* UITaskRunnerIOS.mm in Sources */ = {isa = PBXBuildFile; fileRef = 4C2C064328C5D406005EE37F /* UITaskRunnerIOS.mm */; };
		4C2C064628C5D406005EE37F /* UITaskRunnerIOS.h in Headers */ = {isa = PBXBuildFile; fileRef = 4C2C064428C5D406005EE37F /* UITaskRunnerIOS.h */; };
		4C2C064928C5DA6A005EE37F /* UITaskRunner.cpp in Sources */ = {isa = PBXBuildFile; fileRef = 4C2C064728C5DA6A005EE37F /* UITaskRunner.cpp */; };
		4C2C064A28C5DA6A005EE37F /* UITaskRunner.h in Headers */ = {isa = PBXBuildFile; fileRef = 4C2C064828C5DA6A005EE37F /* UITaskRunner.h */; };
		4C2C064D28C5DBEF005EE37F /* UITaskThread.cpp in Sources */ = {isa = PBXBuildFile; fileRef = 4C2C064B28C5DBEF005EE37F /* UITaskThread.cpp */; };
		4C2C064E28C5DBEF005EE37F /* UITaskThread.h in Headers */ = {isa = PBXBuildFile; fileRef = 4C2C064C28C5DBEF005EE37F /* UITaskThread.h */; };
		4C2C065128C738B0005EE37F /* ButtonElement.cpp in Sources */ = {isa = PBXBuildFile; fileRef = 4C2C064F28C738B0005EE37F /* ButtonElement.cpp */; };
		4C2C065228C738B0005EE37F /* ButtonElement.h in Headers */ = {isa = PBXBuildFile; fileRef = 4C2C065028C738B0005EE37F /* ButtonElement.h */; };
		4C2C065828C747EB005EE37F /* TextPainter.cpp in Sources */ = {isa = PBXBuildFile; fileRef = 4C2C065328C747EB005EE37F /* TextPainter.cpp */; };
		4C2C065928C747EB005EE37F /* Painter.h in Headers */ = {isa = PBXBuildFile; fileRef = 4C2C065428C747EB005EE37F /* Painter.h */; };
		4C2C065A28C747EB005EE37F /* Painter.cpp in Sources */ = {isa = PBXBuildFile; fileRef = 4C2C065528C747EB005EE37F /* Painter.cpp */; };
		4C2C065B28C747EB005EE37F /* PaintInfo.h in Headers */ = {isa = PBXBuildFile; fileRef = 4C2C065628C747EB005EE37F /* PaintInfo.h */; };
		4C2C065C28C747EB005EE37F /* TextPainter.h in Headers */ = {isa = PBXBuildFile; fileRef = 4C2C065728C747EB005EE37F /* TextPainter.h */; };
		4C2C065F28C74F1C005EE37F /* BoymuePage.cpp in Sources */ = {isa = PBXBuildFile; fileRef = 4C2C065D28C74F1C005EE37F /* BoymuePage.cpp */; };
		4C2C066028C74F1C005EE37F /* BoymuePage.h in Headers */ = {isa = PBXBuildFile; fileRef = 4C2C065E28C74F1C005EE37F /* BoymuePage.h */; };
		4C2C066228CA039E005EE37F /* BoymueBridge.h in Headers */ = {isa = PBXBuildFile; fileRef = 4C2C066128CA039E005EE37F /* BoymueBridge.h */; };
		4C489D3128D85C3D003E11E1 /* JsUIOperationApi.cpp in Sources */ = {isa = PBXBuildFile; fileRef = 4C489D2F28D85C3C003E11E1 /* JsUIOperationApi.cpp */; };
		4C489D3228D85C3D003E11E1 /* JsUIOperationApi.h in Headers */ = {isa = PBXBuildFile; fileRef = 4C489D3028D85C3C003E11E1 /* JsUIOperationApi.h */; };
		4C489D3528D9B8FA003E11E1 /* JsXmlToJsonApi.cpp in Sources */ = {isa = PBXBuildFile; fileRef = 4C489D3328D9B8FA003E11E1 /* JsXmlToJsonApi.cpp */; };
		4C489D3628D9B8FA003E11E1 /* JsXmlToJsonApi.h in Headers */ = {isa = PBXBuildFile; fileRef = 4C489D3428D9B8FA003E11E1 /* JsXmlToJsonApi.h */; };
		4C489D3E28DB3F49003E11E1 /* xml2json.h in Headers */ = {isa = PBXBuildFile; fileRef = 4C489D3C28DB3F49003E11E1 /* xml2json.h */; };
		4C489D3F28DB3F49003E11E1 /* xml2json.cpp in Sources */ = {isa = PBXBuildFile; fileRef = 4C489D3D28DB3F49003E11E1 /* xml2json.cpp */; };
		4CB016A228B323F80039F675 /* BoymueViewController.mm in Sources */ = {isa = PBXBuildFile; fileRef = 4CB0169E28B323F80039F675 /* BoymueViewController.mm */; };
		4CB016A428B323F80039F675 /* BoymueViewController.h in Headers */ = {isa = PBXBuildFile; fileRef = 4CB016A028B323F80039F675 /* BoymueViewController.h */; };
		4CB016A528B323F80039F675 /* BoymueAppView.h in Headers */ = {isa = PBXBuildFile; fileRef = 4CB016A128B323F80039F675 /* BoymueAppView.h */; };
		4CB016AA28B3242A0039F675 /* BoymueIOSGLContext.h in Headers */ = {isa = PBXBuildFile; fileRef = 4CB016A628B3242A0039F675 /* BoymueIOSGLContext.h */; };
		4CB016AB28B3242A0039F675 /* PaintContextIOS.h in Headers */ = {isa = PBXBuildFile; fileRef = 4CB016A728B3242A0039F675 /* PaintContextIOS.h */; };
		4CB016AC28B3242A0039F675 /* PaintContextIOS.mm in Sources */ = {isa = PBXBuildFile; fileRef = 4CB016A828B3242A0039F675 /* PaintContextIOS.mm */; };
		4CB016AD28B3242A0039F675 /* BoymueIOSGLContext.m in Sources */ = {isa = PBXBuildFile; fileRef = 4CB016A928B3242A0039F675 /* BoymueIOSGLContext.m */; };
		4CB016AF28B3243F0039F675 /* PaintContext.h in Headers */ = {isa = PBXBuildFile; fileRef = 4CB016AE28B3243F0039F675 /* PaintContext.h */; };
		4CB016B228B325CA0039F675 /* thirdparty.framework in Frameworks */ = {isa = PBXBuildFile; fileRef = 4CB016B128B325CA0039F675 /* thirdparty.framework */; };
		4CB016B728B327250039F675 /* GLKit.framework in Frameworks */ = {isa = PBXBuildFile; fileRef = 4CB016B628B327250039F675 /* GLKit.framework */; };
		4CB016B928B327310039F675 /* OpenGLES.framework in Frameworks */ = {isa = PBXBuildFile; fileRef = 4CB016B828B327310039F675 /* OpenGLES.framework */; };
		4CB016C528B33C1A0039F675 /* StyleParser.h in Headers */ = {isa = PBXBuildFile; fileRef = 4CB016BE28B33C190039F675 /* StyleParser.h */; };
		4CB016C628B33C1A0039F675 /* StyleEngine.h in Headers */ = {isa = PBXBuildFile; fileRef = 4CB016BF28B33C190039F675 /* StyleEngine.h */; };
		4CB016C728B33C1A0039F675 /* Style.h in Headers */ = {isa = PBXBuildFile; fileRef = 4CB016C028B33C190039F675 /* Style.h */; };
		4CB016C828B33C1A0039F675 /* StyleSheet.cpp in Sources */ = {isa = PBXBuildFile; fileRef = 4CB016C128B33C1A0039F675 /* StyleSheet.cpp */; };
		4CB016C928B33C1A0039F675 /* StyleEngine.cpp in Sources */ = {isa = PBXBuildFile; fileRef = 4CB016C228B33C1A0039F675 /* StyleEngine.cpp */; };
		4CB016CA28B33C1A0039F675 /* StyleParser.cpp in Sources */ = {isa = PBXBuildFile; fileRef = 4CB016C328B33C1A0039F675 /* StyleParser.cpp */; };
		4CB016CB28B33C1A0039F675 /* StyleSheet.h in Headers */ = {isa = PBXBuildFile; fileRef = 4CB016C428B33C1A0039F675 /* StyleSheet.h */; };
		4CB016D028B4CF660039F675 /* JsApiInterface.h in Headers */ = {isa = PBXBuildFile; fileRef = 4CB016CD28B4CF650039F675 /* JsApiInterface.h */; };
		4CB016D128B4CF660039F675 /* JsEngine.h in Headers */ = {isa = PBXBuildFile; fileRef = 4CB016CE28B4CF650039F675 /* JsEngine.h */; };
		4CB016D228B4CF660039F675 /* JsEngine.cpp in Sources */ = {isa = PBXBuildFile; fileRef = 4CB016CF28B4CF650039F675 /* JsEngine.cpp */; };
		4CB016DB28B4D05D0039F675 /* ThreadExecutor.h in Headers */ = {isa = PBXBuildFile; fileRef = 4CB016D728B4D05D0039F675 /* ThreadExecutor.h */; };
		4CB016DC28B4D05D0039F675 /* ThreadExecutor.cpp in Sources */ = {isa = PBXBuildFile; fileRef = 4CB016D828B4D05D0039F675 /* ThreadExecutor.cpp */; };
		4CB016DD28B4D05D0039F675 /* Thread.h in Headers */ = {isa = PBXBuildFile; fileRef = 4CB016D928B4D05D0039F675 /* Thread.h */; };
		4CB016DE28B4D05D0039F675 /* Thread.cpp in Sources */ = {isa = PBXBuildFile; fileRef = 4CB016DA28B4D05D0039F675 /* Thread.cpp */; };
		4CB016E128B4D0780039F675 /* WaitEvent.cpp in Sources */ = {isa = PBXBuildFile; fileRef = 4CB016DF28B4D0780039F675 /* WaitEvent.cpp */; };
		4CB016E228B4D0780039F675 /* WaitEvent.h in Headers */ = {isa = PBXBuildFile; fileRef = 4CB016E028B4D0780039F675 /* WaitEvent.h */; };
		4CB016E628B4D0910039F675 /* TimePoint.cpp in Sources */ = {isa = PBXBuildFile; fileRef = 4CB016E328B4D0910039F675 /* TimePoint.cpp */; };
		4CB016E728B4D0910039F675 /* TimeDelta.h in Headers */ = {isa = PBXBuildFile; fileRef = 4CB016E428B4D0910039F675 /* TimeDelta.h */; };
		4CB016E828B4D0910039F675 /* TimePoint.h in Headers */ = {isa = PBXBuildFile; fileRef = 4CB016E528B4D0910039F675 /* TimePoint.h */; };
		4CB016EF28B4D0A70039F675 /* Task.h in Headers */ = {isa = PBXBuildFile; fileRef = 4CB016E928B4D0A70039F675 /* Task.h */; };
		4CB016F028B4D0A70039F675 /* TaskRunner.h in Headers */ = {isa = PBXBuildFile; fileRef = 4CB016EA28B4D0A70039F675 /* TaskRunner.h */; };
		4CB016F128B4D0A70039F675 /* TaskThread.cpp in Sources */ = {isa = PBXBuildFile; fileRef = 4CB016EB28B4D0A70039F675 /* TaskThread.cpp */; };
		4CB016F228B4D0A70039F675 /* TaskRunner.cpp in Sources */ = {isa = PBXBuildFile; fileRef = 4CB016EC28B4D0A70039F675 /* TaskRunner.cpp */; };
		4CB016F328B4D0A70039F675 /* TaskThread.h in Headers */ = {isa = PBXBuildFile; fileRef = 4CB016ED28B4D0A70039F675 /* TaskThread.h */; };
		4CB016F428B4D0A80039F675 /* Task.cpp in Sources */ = {isa = PBXBuildFile; fileRef = 4CB016EE28B4D0A70039F675 /* Task.cpp */; };
		4CB016F828B4D16F0039F675 /* BoymueApplication.cpp in Sources */ = {isa = PBXBuildFile; fileRef = 4CB016F628B4D16F0039F675 /* BoymueApplication.cpp */; };
		4CB016F928B4D16F0039F675 /* BoymueApplication.h in Headers */ = {isa = PBXBuildFile; fileRef = 4CB016F728B4D16F0039F675 /* BoymueApplication.h */; };
		4CB016FD28B4D18E0039F675 /* BoymueView.h in Headers */ = {isa = PBXBuildFile; fileRef = 4CB016FB28B4D18D0039F675 /* BoymueView.h */; };
		4CB016FE28B4D18E0039F675 /* BoymueView.cpp in Sources */ = {isa = PBXBuildFile; fileRef = 4CB016FC28B4D18D0039F675 /* BoymueView.cpp */; };
		4CB0170228B4D1A30039F675 /* Layout.h in Headers */ = {isa = PBXBuildFile; fileRef = 4CB016FF28B4D1A20039F675 /* Layout.h */; };
		4CB0170328B4D1A30039F675 /* TextLayout.h in Headers */ = {isa = PBXBuildFile; fileRef = 4CB0170028B4D1A30039F675 /* TextLayout.h */; };
		4CB0170428B4D1A30039F675 /* Layout.cpp in Sources */ = {isa = PBXBuildFile; fileRef = 4CB0170128B4D1A30039F675 /* Layout.cpp */; };
		4CB0170628B4D2900039F675 /* BoymueAppView.m in Sources */ = {isa = PBXBuildFile; fileRef = 4CB0170528B4D2900039F675 /* BoymueAppView.m */; };
		4CB0170C28B4D2DB0039F675 /* JsLogApi.cpp in Sources */ = {isa = PBXBuildFile; fileRef = 4CB0170828B4D2DB0039F675 /* JsLogApi.cpp */; };
		4CB0170D28B4D2DB0039F675 /* JsLogApi.h in Headers */ = {isa = PBXBuildFile; fileRef = 4CB0170928B4D2DB0039F675 /* JsLogApi.h */; };
		4CB0170E28B4D2DB0039F675 /* JSTestApi.h in Headers */ = {isa = PBXBuildFile; fileRef = 4CB0170A28B4D2DB0039F675 /* JSTestApi.h */; };
		4CB0170F28B4D2DB0039F675 /* JSTestApi.cpp in Sources */ = {isa = PBXBuildFile; fileRef = 4CB0170B28B4D2DB0039F675 /* JSTestApi.cpp */; };
		4CB0171328B5DD490039F675 /* StringUtil.h in Headers */ = {isa = PBXBuildFile; fileRef = 4CB0171128B5DD490039F675 /* StringUtil.h */; };
		4CB0171428B5DD490039F675 /* StringUtil.cpp in Sources */ = {isa = PBXBuildFile; fileRef = 4CB0171228B5DD490039F675 /* StringUtil.cpp */; };
		4CB0175628BF8A640039F675 /* example in Resources */ = {isa = PBXBuildFile; fileRef = 4CB0175528BF8A640039F675 /* example */; };
		4CB0175728BF8AD30039F675 /* assets.bundle in Resources */ = {isa = PBXBuildFile; fileRef = 4CB0175028BF89070039F675 /* assets.bundle */; };
		4CBFBA8428D4790700C1CDA0 /* TextFieldElement.cpp in Sources */ = {isa = PBXBuildFile; fileRef = 4CBFBA8228D4790700C1CDA0 /* TextFieldElement.cpp */; };
		4CBFBA8528D4790700C1CDA0 /* TextFieldElement.h in Headers */ = {isa = PBXBuildFile; fileRef = 4CBFBA8328D4790700C1CDA0 /* TextFieldElement.h */; };
		4CCD171D28B320B800B4D4FB /* core.h in Headers */ = {isa = PBXBuildFile; fileRef = 4CCD171C28B320B800B4D4FB /* core.h */; settings = {ATTRIBUTES = (Public, ); }; };
/* End PBXBuildFile section */

/* Begin PBXCopyFilesBuildPhase section */
		4C2C061B28C0847A005EE37F /* CopyFiles */ = {
			isa = PBXCopyFilesBuildPhase;
			buildActionMask = 2147483647;
			dstPath = "";
			dstSubfolderSpec = 10;
			files = (
				4C2C061C28C08485005EE37F /* thirdparty.framework in CopyFiles */,
			);
			runOnlyForDeploymentPostprocessing = 0;
		};
/* End PBXCopyFilesBuildPhase section */

/* Begin PBXFileReference section */
		4C2C061828C05743005EE37F /* BoymueBridge.mm */ = {isa = PBXFileReference; lastKnownFileType = sourcecode.cpp.objcpp; name = BoymueBridge.mm; path = ../../../framework/boymue/platform/ios/BoymueBridge.mm; sourceTree = "<group>"; };
		4C2C062328C1A77C005EE37F /* DocumentElement.h */ = {isa = PBXFileReference; fileEncoding = 4; lastKnownFileType = sourcecode.c.h; name = DocumentElement.h; path = ../../../framework/boymue/core/dom/DocumentElement.h; sourceTree = "<group>"; };
		4C2C062428C1A77C005EE37F /* Document.h */ = {isa = PBXFileReference; fileEncoding = 4; lastKnownFileType = sourcecode.c.h; name = Document.h; path = ../../../framework/boymue/core/dom/Document.h; sourceTree = "<group>"; };
		4C2C062528C1A77C005EE37F /* DomTags.h */ = {isa = PBXFileReference; fileEncoding = 4; lastKnownFileType = sourcecode.c.h; name = DomTags.h; path = ../../../framework/boymue/core/dom/DomTags.h; sourceTree = "<group>"; };
		4C2C062628C1A77C005EE37F /* Document.cpp */ = {isa = PBXFileReference; fileEncoding = 4; lastKnownFileType = sourcecode.cpp.cpp; name = Document.cpp; path = ../../../framework/boymue/core/dom/Document.cpp; sourceTree = "<group>"; };
		4C2C062728C1A77C005EE37F /* TextElement.cpp */ = {isa = PBXFileReference; fileEncoding = 4; lastKnownFileType = sourcecode.cpp.cpp; name = TextElement.cpp; path = ../../../framework/boymue/core/dom/TextElement.cpp; sourceTree = "<group>"; };
		4C2C062828C1A77C005EE37F /* ImageElement.h */ = {isa = PBXFileReference; fileEncoding = 4; lastKnownFileType = sourcecode.c.h; name = ImageElement.h; path = ../../../framework/boymue/core/dom/ImageElement.h; sourceTree = "<group>"; };
		4C2C062928C1A77C005EE37F /* TextElement.h */ = {isa = PBXFileReference; fileEncoding = 4; lastKnownFileType = sourcecode.c.h; name = TextElement.h; path = ../../../framework/boymue/core/dom/TextElement.h; sourceTree = "<group>"; };
		4C2C062A28C1A77C005EE37F /* ViewElement.cpp */ = {isa = PBXFileReference; fileEncoding = 4; lastKnownFileType = sourcecode.cpp.cpp; name = ViewElement.cpp; path = ../../../framework/boymue/core/dom/ViewElement.cpp; sourceTree = "<group>"; };
		4C2C062B28C1A77C005EE37F /* ImageElement.cpp */ = {isa = PBXFileReference; fileEncoding = 4; lastKnownFileType = sourcecode.cpp.cpp; name = ImageElement.cpp; path = ../../../framework/boymue/core/dom/ImageElement.cpp; sourceTree = "<group>"; };
		4C2C062C28C1A77C005EE37F /* ViewElement.h */ = {isa = PBXFileReference; fileEncoding = 4; lastKnownFileType = sourcecode.c.h; name = ViewElement.h; path = ../../../framework/boymue/core/dom/ViewElement.h; sourceTree = "<group>"; };
		4C2C062D28C1A77C005EE37F /* DocumentElement.cpp */ = {isa = PBXFileReference; fileEncoding = 4; lastKnownFileType = sourcecode.cpp.cpp; name = DocumentElement.cpp; path = ../../../framework/boymue/core/dom/DocumentElement.cpp; sourceTree = "<group>"; };
		4C2C062E28C1A77C005EE37F /* DomTags.cpp */ = {isa = PBXFileReference; fileEncoding = 4; lastKnownFileType = sourcecode.cpp.cpp; name = DomTags.cpp; path = ../../../framework/boymue/core/dom/DomTags.cpp; sourceTree = "<group>"; };
		4C2C063C28C599C7005EE37F /* BoymueAppInfo.h */ = {isa = PBXFileReference; lastKnownFileType = sourcecode.c.h; name = BoymueAppInfo.h; path = ../../../framework/boymue/app/BoymueAppInfo.h; sourceTree = "<group>"; };
		4C2C063D28C59A17005EE37F /* BoymueAppInfo.cpp */ = {isa = PBXFileReference; lastKnownFileType = sourcecode.cpp.cpp; name = BoymueAppInfo.cpp; path = ../../../framework/boymue/app/BoymueAppInfo.cpp; sourceTree = "<group>"; };
		4C2C063F28C5A374005EE37F /* FileUtil.cpp */ = {isa = PBXFileReference; lastKnownFileType = sourcecode.cpp.cpp; name = FileUtil.cpp; path = ../../../framework/boymue/util/FileUtil.cpp; sourceTree = "<group>"; };
		4C2C064028C5A374005EE37F /* FileUtil.h */ = {isa = PBXFileReference; lastKnownFileType = sourcecode.c.h; name = FileUtil.h; path = ../../../framework/boymue/util/FileUtil.h; sourceTree = "<group>"; };
		4C2C064328C5D406005EE37F /* UITaskRunnerIOS.mm */ = {isa = PBXFileReference; lastKnownFileType = sourcecode.cpp.objcpp; name = UITaskRunnerIOS.mm; path = ../../../framework/boymue/platform/ios/UITaskRunnerIOS.mm; sourceTree = "<group>"; };
		4C2C064428C5D406005EE37F /* UITaskRunnerIOS.h */ = {isa = PBXFileReference; lastKnownFileType = sourcecode.c.h; name = UITaskRunnerIOS.h; path = ../../../framework/boymue/platform/ios/UITaskRunnerIOS.h; sourceTree = "<group>"; };
		4C2C064728C5DA6A005EE37F /* UITaskRunner.cpp */ = {isa = PBXFileReference; lastKnownFileType = sourcecode.cpp.cpp; name = UITaskRunner.cpp; path = ../../../framework/boymue/thread/task/UITaskRunner.cpp; sourceTree = "<group>"; };
		4C2C064828C5DA6A005EE37F /* UITaskRunner.h */ = {isa = PBXFileReference; lastKnownFileType = sourcecode.c.h; name = UITaskRunner.h; path = ../../../framework/boymue/thread/task/UITaskRunner.h; sourceTree = "<group>"; };
		4C2C064B28C5DBEF005EE37F /* UITaskThread.cpp */ = {isa = PBXFileReference; lastKnownFileType = sourcecode.cpp.cpp; name = UITaskThread.cpp; path = ../../../framework/boymue/thread/task/UITaskThread.cpp; sourceTree = "<group>"; };
		4C2C064C28C5DBEF005EE37F /* UITaskThread.h */ = {isa = PBXFileReference; lastKnownFileType = sourcecode.c.h; name = UITaskThread.h; path = ../../../framework/boymue/thread/task/UITaskThread.h; sourceTree = "<group>"; };
		4C2C064F28C738B0005EE37F /* ButtonElement.cpp */ = {isa = PBXFileReference; lastKnownFileType = sourcecode.cpp.cpp; name = ButtonElement.cpp; path = ../../../framework/boymue/core/dom/ButtonElement.cpp; sourceTree = "<group>"; };
		4C2C065028C738B0005EE37F /* ButtonElement.h */ = {isa = PBXFileReference; lastKnownFileType = sourcecode.c.h; name = ButtonElement.h; path = ../../../framework/boymue/core/dom/ButtonElement.h; sourceTree = "<group>"; };
		4C2C065328C747EB005EE37F /* TextPainter.cpp */ = {isa = PBXFileReference; fileEncoding = 4; lastKnownFileType = sourcecode.cpp.cpp; name = TextPainter.cpp; path = ../../../framework/boymue/core/paint/TextPainter.cpp; sourceTree = "<group>"; };
		4C2C065428C747EB005EE37F /* Painter.h */ = {isa = PBXFileReference; fileEncoding = 4; lastKnownFileType = sourcecode.c.h; name = Painter.h; path = ../../../framework/boymue/core/paint/Painter.h; sourceTree = "<group>"; };
		4C2C065528C747EB005EE37F /* Painter.cpp */ = {isa = PBXFileReference; fileEncoding = 4; lastKnownFileType = sourcecode.cpp.cpp; name = Painter.cpp; path = ../../../framework/boymue/core/paint/Painter.cpp; sourceTree = "<group>"; };
		4C2C065628C747EB005EE37F /* PaintInfo.h */ = {isa = PBXFileReference; fileEncoding = 4; lastKnownFileType = sourcecode.c.h; name = PaintInfo.h; path = ../../../framework/boymue/core/paint/PaintInfo.h; sourceTree = "<group>"; };
		4C2C065728C747EB005EE37F /* TextPainter.h */ = {isa = PBXFileReference; fileEncoding = 4; lastKnownFileType = sourcecode.c.h; name = TextPainter.h; path = ../../../framework/boymue/core/paint/TextPainter.h; sourceTree = "<group>"; };
		4C2C065D28C74F1C005EE37F /* BoymuePage.cpp */ = {isa = PBXFileReference; lastKnownFileType = sourcecode.cpp.cpp; name = BoymuePage.cpp; path = ../../../framework/boymue/core/view/BoymuePage.cpp; sourceTree = "<group>"; };
		4C2C065E28C74F1C005EE37F /* BoymuePage.h */ = {isa = PBXFileReference; lastKnownFileType = sourcecode.c.h; name = BoymuePage.h; path = ../../../framework/boymue/core/view/BoymuePage.h; sourceTree = "<group>"; };
		4C2C066128CA039E005EE37F /* BoymueBridge.h */ = {isa = PBXFileReference; fileEncoding = 4; lastKnownFileType = sourcecode.c.h; name = BoymueBridge.h; path = ../../../framework/boymue/platform/BoymueBridge.h; sourceTree = "<group>"; };
		4C489D2F28D85C3C003E11E1 /* JsUIOperationApi.cpp */ = {isa = PBXFileReference; lastKnownFileType = sourcecode.cpp.cpp; name = JsUIOperationApi.cpp; path = ../../../framework/boymue/apis/JsUIOperationApi.cpp; sourceTree = "<group>"; };
		4C489D3028D85C3C003E11E1 /* JsUIOperationApi.h */ = {isa = PBXFileReference; lastKnownFileType = sourcecode.c.h; name = JsUIOperationApi.h; path = ../../../framework/boymue/apis/JsUIOperationApi.h; sourceTree = "<group>"; };
		4C489D3328D9B8FA003E11E1 /* JsXmlToJsonApi.cpp */ = {isa = PBXFileReference; lastKnownFileType = sourcecode.cpp.cpp; name = JsXmlToJsonApi.cpp; path = ../../../framework/boymue/apis/JsXmlToJsonApi.cpp; sourceTree = "<group>"; };
		4C489D3428D9B8FA003E11E1 /* JsXmlToJsonApi.h */ = {isa = PBXFileReference; lastKnownFileType = sourcecode.c.h; name = JsXmlToJsonApi.h; path = ../../../framework/boymue/apis/JsXmlToJsonApi.h; sourceTree = "<group>"; };
		4C489D3C28DB3F49003E11E1 /* xml2json.h */ = {isa = PBXFileReference; fileEncoding = 4; lastKnownFileType = sourcecode.c.h; name = xml2json.h; path = ../../../framework/boymue/util/xml2json.h; sourceTree = "<group>"; };
		4C489D3D28DB3F49003E11E1 /* xml2json.cpp */ = {isa = PBXFileReference; fileEncoding = 4; lastKnownFileType = sourcecode.cpp.cpp; name = xml2json.cpp; path = ../../../framework/boymue/util/xml2json.cpp; sourceTree = "<group>"; };
		4CB0169E28B323F80039F675 /* BoymueViewController.mm */ = {isa = PBXFileReference; fileEncoding = 4; lastKnownFileType = sourcecode.cpp.objcpp; name = BoymueViewController.mm; path = ../../../framework/boymue/port/ios/BoymueViewController.mm; sourceTree = "<group>"; };
		4CB016A028B323F80039F675 /* BoymueViewController.h */ = {isa = PBXFileReference; fileEncoding = 4; lastKnownFileType = sourcecode.c.h; name = BoymueViewController.h; path = ../../../framework/boymue/port/ios/BoymueViewController.h; sourceTree = "<group>"; };
		4CB016A128B323F80039F675 /* BoymueAppView.h */ = {isa = PBXFileReference; fileEncoding = 4; lastKnownFileType = sourcecode.c.h; name = BoymueAppView.h; path = ../../../framework/boymue/port/ios/BoymueAppView.h; sourceTree = "<group>"; };
		4CB016A628B3242A0039F675 /* BoymueIOSGLContext.h */ = {isa = PBXFileReference; fileEncoding = 4; lastKnownFileType = sourcecode.c.h; name = BoymueIOSGLContext.h; path = ../../../framework/boymue/platform/ios/BoymueIOSGLContext.h; sourceTree = "<group>"; };
		4CB016A728B3242A0039F675 /* PaintContextIOS.h */ = {isa = PBXFileReference; fileEncoding = 4; lastKnownFileType = sourcecode.c.h; name = PaintContextIOS.h; path = ../../../framework/boymue/platform/ios/PaintContextIOS.h; sourceTree = "<group>"; };
		4CB016A828B3242A0039F675 /* PaintContextIOS.mm */ = {isa = PBXFileReference; fileEncoding = 4; lastKnownFileType = sourcecode.cpp.objcpp; name = PaintContextIOS.mm; path = ../../../framework/boymue/platform/ios/PaintContextIOS.mm; sourceTree = "<group>"; };
		4CB016A928B3242A0039F675 /* BoymueIOSGLContext.m */ = {isa = PBXFileReference; fileEncoding = 4; lastKnownFileType = sourcecode.c.objc; name = BoymueIOSGLContext.m; path = ../../../framework/boymue/platform/ios/BoymueIOSGLContext.m; sourceTree = "<group>"; };
		4CB016AE28B3243F0039F675 /* PaintContext.h */ = {isa = PBXFileReference; fileEncoding = 4; lastKnownFileType = sourcecode.c.h; name = PaintContext.h; path = ../../../framework/boymue/core/paint/PaintContext.h; sourceTree = "<group>"; };
		4CB016B128B325CA0039F675 /* thirdparty.framework */ = {isa = PBXFileReference; explicitFileType = wrapper.framework; path = thirdparty.framework; sourceTree = BUILT_PRODUCTS_DIR; };
		4CB016B628B327250039F675 /* GLKit.framework */ = {isa = PBXFileReference; lastKnownFileType = wrapper.framework; name = GLKit.framework; path = System/Library/Frameworks/GLKit.framework; sourceTree = SDKROOT; };
		4CB016B828B327310039F675 /* OpenGLES.framework */ = {isa = PBXFileReference; lastKnownFileType = wrapper.framework; name = OpenGLES.framework; path = System/Library/Frameworks/OpenGLES.framework; sourceTree = SDKROOT; };
		4CB016BE28B33C190039F675 /* StyleParser.h */ = {isa = PBXFileReference; fileEncoding = 4; lastKnownFileType = sourcecode.c.h; name = StyleParser.h; path = ../../../framework/boymue/core/style/StyleParser.h; sourceTree = "<group>"; };
		4CB016BF28B33C190039F675 /* StyleEngine.h */ = {isa = PBXFileReference; fileEncoding = 4; lastKnownFileType = sourcecode.c.h; name = StyleEngine.h; path = ../../../framework/boymue/core/style/StyleEngine.h; sourceTree = "<group>"; };
		4CB016C028B33C190039F675 /* Style.h */ = {isa = PBXFileReference; fileEncoding = 4; lastKnownFileType = sourcecode.c.h; name = Style.h; path = ../../../framework/boymue/core/style/Style.h; sourceTree = "<group>"; };
		4CB016C128B33C1A0039F675 /* StyleSheet.cpp */ = {isa = PBXFileReference; fileEncoding = 4; lastKnownFileType = sourcecode.cpp.cpp; name = StyleSheet.cpp; path = ../../../framework/boymue/core/style/StyleSheet.cpp; sourceTree = "<group>"; };
		4CB016C228B33C1A0039F675 /* StyleEngine.cpp */ = {isa = PBXFileReference; fileEncoding = 4; lastKnownFileType = sourcecode.cpp.cpp; name = StyleEngine.cpp; path = ../../../framework/boymue/core/style/StyleEngine.cpp; sourceTree = "<group>"; };
		4CB016C328B33C1A0039F675 /* StyleParser.cpp */ = {isa = PBXFileReference; fileEncoding = 4; lastKnownFileType = sourcecode.cpp.cpp; name = StyleParser.cpp; path = ../../../framework/boymue/core/style/StyleParser.cpp; sourceTree = "<group>"; };
		4CB016C428B33C1A0039F675 /* StyleSheet.h */ = {isa = PBXFileReference; fileEncoding = 4; lastKnownFileType = sourcecode.c.h; name = StyleSheet.h; path = ../../../framework/boymue/core/style/StyleSheet.h; sourceTree = "<group>"; };
		4CB016CD28B4CF650039F675 /* JsApiInterface.h */ = {isa = PBXFileReference; fileEncoding = 4; lastKnownFileType = sourcecode.c.h; name = JsApiInterface.h; path = ../../../framework/boymue/engine/JsApiInterface.h; sourceTree = "<group>"; };
		4CB016CE28B4CF650039F675 /* JsEngine.h */ = {isa = PBXFileReference; fileEncoding = 4; lastKnownFileType = sourcecode.c.h; name = JsEngine.h; path = ../../../framework/boymue/engine/JsEngine.h; sourceTree = "<group>"; };
		4CB016CF28B4CF650039F675 /* JsEngine.cpp */ = {isa = PBXFileReference; fileEncoding = 4; lastKnownFileType = sourcecode.cpp.cpp; name = JsEngine.cpp; path = ../../../framework/boymue/engine/JsEngine.cpp; sourceTree = "<group>"; };
		4CB016D728B4D05D0039F675 /* ThreadExecutor.h */ = {isa = PBXFileReference; fileEncoding = 4; lastKnownFileType = sourcecode.c.h; name = ThreadExecutor.h; path = ../../../framework/boymue/thread/ThreadExecutor.h; sourceTree = "<group>"; };
		4CB016D828B4D05D0039F675 /* ThreadExecutor.cpp */ = {isa = PBXFileReference; fileEncoding = 4; lastKnownFileType = sourcecode.cpp.cpp; name = ThreadExecutor.cpp; path = ../../../framework/boymue/thread/ThreadExecutor.cpp; sourceTree = "<group>"; };
		4CB016D928B4D05D0039F675 /* Thread.h */ = {isa = PBXFileReference; fileEncoding = 4; lastKnownFileType = sourcecode.c.h; name = Thread.h; path = ../../../framework/boymue/thread/Thread.h; sourceTree = "<group>"; };
		4CB016DA28B4D05D0039F675 /* Thread.cpp */ = {isa = PBXFileReference; fileEncoding = 4; lastKnownFileType = sourcecode.cpp.cpp; name = Thread.cpp; path = ../../../framework/boymue/thread/Thread.cpp; sourceTree = "<group>"; };
		4CB016DF28B4D0780039F675 /* WaitEvent.cpp */ = {isa = PBXFileReference; fileEncoding = 4; lastKnownFileType = sourcecode.cpp.cpp; name = WaitEvent.cpp; path = ../../../framework/boymue/thread/event/WaitEvent.cpp; sourceTree = "<group>"; };
		4CB016E028B4D0780039F675 /* WaitEvent.h */ = {isa = PBXFileReference; fileEncoding = 4; lastKnownFileType = sourcecode.c.h; name = WaitEvent.h; path = ../../../framework/boymue/thread/event/WaitEvent.h; sourceTree = "<group>"; };
		4CB016E328B4D0910039F675 /* TimePoint.cpp */ = {isa = PBXFileReference; fileEncoding = 4; lastKnownFileType = sourcecode.cpp.cpp; name = TimePoint.cpp; path = ../../../framework/boymue/thread/time/TimePoint.cpp; sourceTree = "<group>"; };
		4CB016E428B4D0910039F675 /* TimeDelta.h */ = {isa = PBXFileReference; fileEncoding = 4; lastKnownFileType = sourcecode.c.h; name = TimeDelta.h; path = ../../../framework/boymue/thread/time/TimeDelta.h; sourceTree = "<group>"; };
		4CB016E528B4D0910039F675 /* TimePoint.h */ = {isa = PBXFileReference; fileEncoding = 4; lastKnownFileType = sourcecode.c.h; name = TimePoint.h; path = ../../../framework/boymue/thread/time/TimePoint.h; sourceTree = "<group>"; };
		4CB016E928B4D0A70039F675 /* Task.h */ = {isa = PBXFileReference; fileEncoding = 4; lastKnownFileType = sourcecode.c.h; name = Task.h; path = ../../../framework/boymue/thread/task/Task.h; sourceTree = "<group>"; };
		4CB016EA28B4D0A70039F675 /* TaskRunner.h */ = {isa = PBXFileReference; fileEncoding = 4; lastKnownFileType = sourcecode.c.h; name = TaskRunner.h; path = ../../../framework/boymue/thread/task/TaskRunner.h; sourceTree = "<group>"; };
		4CB016EB28B4D0A70039F675 /* TaskThread.cpp */ = {isa = PBXFileReference; fileEncoding = 4; lastKnownFileType = sourcecode.cpp.cpp; name = TaskThread.cpp; path = ../../../framework/boymue/thread/task/TaskThread.cpp; sourceTree = "<group>"; };
		4CB016EC28B4D0A70039F675 /* TaskRunner.cpp */ = {isa = PBXFileReference; fileEncoding = 4; lastKnownFileType = sourcecode.cpp.cpp; name = TaskRunner.cpp; path = ../../../framework/boymue/thread/task/TaskRunner.cpp; sourceTree = "<group>"; };
		4CB016ED28B4D0A70039F675 /* TaskThread.h */ = {isa = PBXFileReference; fileEncoding = 4; lastKnownFileType = sourcecode.c.h; name = TaskThread.h; path = ../../../framework/boymue/thread/task/TaskThread.h; sourceTree = "<group>"; };
		4CB016EE28B4D0A70039F675 /* Task.cpp */ = {isa = PBXFileReference; fileEncoding = 4; lastKnownFileType = sourcecode.cpp.cpp; name = Task.cpp; path = ../../../framework/boymue/thread/task/Task.cpp; sourceTree = "<group>"; };
		4CB016F628B4D16F0039F675 /* BoymueApplication.cpp */ = {isa = PBXFileReference; fileEncoding = 4; lastKnownFileType = sourcecode.cpp.cpp; name = BoymueApplication.cpp; path = ../../../framework/boymue/app/BoymueApplication.cpp; sourceTree = "<group>"; };
		4CB016F728B4D16F0039F675 /* BoymueApplication.h */ = {isa = PBXFileReference; fileEncoding = 4; lastKnownFileType = sourcecode.c.h; name = BoymueApplication.h; path = ../../../framework/boymue/app/BoymueApplication.h; sourceTree = "<group>"; };
		4CB016FB28B4D18D0039F675 /* BoymueView.h */ = {isa = PBXFileReference; fileEncoding = 4; lastKnownFileType = sourcecode.c.h; name = BoymueView.h; path = ../../../framework/boymue/core/view/BoymueView.h; sourceTree = "<group>"; };
		4CB016FC28B4D18D0039F675 /* BoymueView.cpp */ = {isa = PBXFileReference; fileEncoding = 4; lastKnownFileType = sourcecode.cpp.cpp; name = BoymueView.cpp; path = ../../../framework/boymue/core/view/BoymueView.cpp; sourceTree = "<group>"; };
		4CB016FF28B4D1A20039F675 /* Layout.h */ = {isa = PBXFileReference; fileEncoding = 4; lastKnownFileType = sourcecode.c.h; name = Layout.h; path = ../../../framework/boymue/core/layout/Layout.h; sourceTree = "<group>"; };
		4CB0170028B4D1A30039F675 /* TextLayout.h */ = {isa = PBXFileReference; fileEncoding = 4; lastKnownFileType = sourcecode.c.h; name = TextLayout.h; path = ../../../framework/boymue/core/layout/TextLayout.h; sourceTree = "<group>"; };
		4CB0170128B4D1A30039F675 /* Layout.cpp */ = {isa = PBXFileReference; fileEncoding = 4; lastKnownFileType = sourcecode.cpp.cpp; name = Layout.cpp; path = ../../../framework/boymue/core/layout/Layout.cpp; sourceTree = "<group>"; };
		4CB0170528B4D2900039F675 /* BoymueAppView.m */ = {isa = PBXFileReference; fileEncoding = 4; lastKnownFileType = sourcecode.c.objc; name = BoymueAppView.m; path = ../../../framework/boymue/port/ios/BoymueAppView.m; sourceTree = "<group>"; };
		4CB0170828B4D2DB0039F675 /* JsLogApi.cpp */ = {isa = PBXFileReference; fileEncoding = 4; lastKnownFileType = sourcecode.cpp.cpp; name = JsLogApi.cpp; path = ../../../framework/boymue/apis/JsLogApi.cpp; sourceTree = "<group>"; };
		4CB0170928B4D2DB0039F675 /* JsLogApi.h */ = {isa = PBXFileReference; fileEncoding = 4; lastKnownFileType = sourcecode.c.h; name = JsLogApi.h; path = ../../../framework/boymue/apis/JsLogApi.h; sourceTree = "<group>"; };
		4CB0170A28B4D2DB0039F675 /* JSTestApi.h */ = {isa = PBXFileReference; fileEncoding = 4; lastKnownFileType = sourcecode.c.h; name = JSTestApi.h; path = ../../../framework/boymue/apis/JSTestApi.h; sourceTree = "<group>"; };
		4CB0170B28B4D2DB0039F675 /* JSTestApi.cpp */ = {isa = PBXFileReference; fileEncoding = 4; lastKnownFileType = sourcecode.cpp.cpp; name = JSTestApi.cpp; path = ../../../framework/boymue/apis/JSTestApi.cpp; sourceTree = "<group>"; };
		4CB0171128B5DD490039F675 /* StringUtil.h */ = {isa = PBXFileReference; lastKnownFileType = sourcecode.c.h; name = StringUtil.h; path = ../../../framework/boymue/util/StringUtil.h; sourceTree = "<group>"; };
		4CB0171228B5DD490039F675 /* StringUtil.cpp */ = {isa = PBXFileReference; lastKnownFileType = sourcecode.cpp.cpp; name = StringUtil.cpp; path = ../../../framework/boymue/util/StringUtil.cpp; sourceTree = "<group>"; };
		4CB0175028BF89070039F675 /* assets.bundle */ = {isa = PBXFileReference; explicitFileType = wrapper.cfbundle; includeInIndex = 0; path = assets.bundle; sourceTree = BUILT_PRODUCTS_DIR; };
		4CB0175528BF8A640039F675 /* example */ = {isa = PBXFileReference; lastKnownFileType = folder; name = example; path = ../../../../boymuejs/example; sourceTree = "<group>"; };
		4CBFBA8228D4790700C1CDA0 /* TextFieldElement.cpp */ = {isa = PBXFileReference; lastKnownFileType = sourcecode.cpp.cpp; name = TextFieldElement.cpp; path = ../../../framework/boymue/core/dom/TextFieldElement.cpp; sourceTree = "<group>"; };
		4CBFBA8328D4790700C1CDA0 /* TextFieldElement.h */ = {isa = PBXFileReference; lastKnownFileType = sourcecode.c.h; name = TextFieldElement.h; path = ../../../framework/boymue/core/dom/TextFieldElement.h; sourceTree = "<group>"; };
		4CCD171928B320B800B4D4FB /* core.framework */ = {isa = PBXFileReference; explicitFileType = wrapper.framework; includeInIndex = 0; path = core.framework; sourceTree = BUILT_PRODUCTS_DIR; };
		4CCD171C28B320B800B4D4FB /* core.h */ = {isa = PBXFileReference; lastKnownFileType = sourcecode.c.h; path = core.h; sourceTree = "<group>"; };
/* End PBXFileReference section */

/* Begin PBXFrameworksBuildPhase section */
		4CB0174D28BF89070039F675 /* Frameworks */ = {
			isa = PBXFrameworksBuildPhase;
			buildActionMask = 2147483647;
			files = (
			);
			runOnlyForDeploymentPostprocessing = 0;
		};
		4CCD171628B320B800B4D4FB /* Frameworks */ = {
			isa = PBXFrameworksBuildPhase;
			buildActionMask = 2147483647;
			files = (
				4CB016B928B327310039F675 /* OpenGLES.framework in Frameworks */,
				4CB016B728B327250039F675 /* GLKit.framework in Frameworks */,
				4CB016B228B325CA0039F675 /* thirdparty.framework in Frameworks */,
			);
			runOnlyForDeploymentPostprocessing = 0;
		};
/* End PBXFrameworksBuildPhase section */

/* Begin PBXGroup section */
		4C2C062228C1A766005EE37F /* dom */ = {
			isa = PBXGroup;
			children = (
				4C2C062628C1A77C005EE37F /* Document.cpp */,
				4C2C062428C1A77C005EE37F /* Document.h */,
				4C2C062D28C1A77C005EE37F /* DocumentElement.cpp */,
				4C2C062328C1A77C005EE37F /* DocumentElement.h */,
				4C2C062E28C1A77C005EE37F /* DomTags.cpp */,
				4C2C062528C1A77C005EE37F /* DomTags.h */,
				4C2C062B28C1A77C005EE37F /* ImageElement.cpp */,
				4C2C062828C1A77C005EE37F /* ImageElement.h */,
				4C2C062728C1A77C005EE37F /* TextElement.cpp */,
				4C2C062928C1A77C005EE37F /* TextElement.h */,
				4C2C062A28C1A77C005EE37F /* ViewElement.cpp */,
				4C2C062C28C1A77C005EE37F /* ViewElement.h */,
				4C2C064F28C738B0005EE37F /* ButtonElement.cpp */,
				4C2C065028C738B0005EE37F /* ButtonElement.h */,
				4CBFBA8228D4790700C1CDA0 /* TextFieldElement.cpp */,
				4CBFBA8328D4790700C1CDA0 /* TextFieldElement.h */,
			);
			name = dom;
			sourceTree = "<group>";
		};
		4CB0169928B323BD0039F675 /* boymue */ = {
			isa = PBXGroup;
			children = (
				4CB016BC28B33A7D0039F675 /* engine */,
				4CB0171028B5DD150039F675 /* util */,
				4CB0170728B4D2BB0039F675 /* apis */,
				4CB016F528B4D15E0039F675 /* app */,
				4CB016D328B4D01F0039F675 /* thread */,
				4CB0169C28B323D30039F675 /* port */,
				4CB0169B28B323CB0039F675 /* platform */,
				4CB0169A28B323C40039F675 /* core */,
			);
			name = boymue;
			sourceTree = "<group>";
		};
		4CB0169A28B323C40039F675 /* core */ = {
			isa = PBXGroup;
			children = (
				4C2C062228C1A766005EE37F /* dom */,
				4CB016FA28B4D1780039F675 /* view */,
				4CB016CC28B33C4B0039F675 /* layout */,
				4CB016BD28B33BF90039F675 /* style */,
				4CB0169D28B323DA0039F675 /* paint */,
			);
			name = core;
			sourceTree = "<group>";
		};
		4CB0169B28B323CB0039F675 /* platform */ = {
			isa = PBXGroup;
			children = (
				4C2C066128CA039E005EE37F /* BoymueBridge.h */,
				4C2C064328C5D406005EE37F /* UITaskRunnerIOS.mm */,
				4C2C064428C5D406005EE37F /* UITaskRunnerIOS.h */,
				4CB016A628B3242A0039F675 /* BoymueIOSGLContext.h */,
				4CB016A928B3242A0039F675 /* BoymueIOSGLContext.m */,
				4CB016A728B3242A0039F675 /* PaintContextIOS.h */,
				4CB016A828B3242A0039F675 /* PaintContextIOS.mm */,
				4C2C061828C05743005EE37F /* BoymueBridge.mm */,
			);
			name = platform;
			sourceTree = "<group>";
		};
		4CB0169C28B323D30039F675 /* port */ = {
			isa = PBXGroup;
			children = (
				4CB0170528B4D2900039F675 /* BoymueAppView.m */,
				4CB016A128B323F80039F675 /* BoymueAppView.h */,
				4CB016A028B323F80039F675 /* BoymueViewController.h */,
				4CB0169E28B323F80039F675 /* BoymueViewController.mm */,
			);
			name = port;
			sourceTree = "<group>";
		};
		4CB0169D28B323DA0039F675 /* paint */ = {
			isa = PBXGroup;
			children = (
				4C2C065528C747EB005EE37F /* Painter.cpp */,
				4C2C065428C747EB005EE37F /* Painter.h */,
				4C2C065628C747EB005EE37F /* PaintInfo.h */,
				4C2C065328C747EB005EE37F /* TextPainter.cpp */,
				4C2C065728C747EB005EE37F /* TextPainter.h */,
				4CB016AE28B3243F0039F675 /* PaintContext.h */,
			);
			name = paint;
			sourceTree = "<group>";
		};
		4CB016B028B325CA0039F675 /* Frameworks */ = {
			isa = PBXGroup;
			children = (
				4CB016B828B327310039F675 /* OpenGLES.framework */,
				4CB016B628B327250039F675 /* GLKit.framework */,
				4CB016B128B325CA0039F675 /* thirdparty.framework */,
			);
			name = Frameworks;
			sourceTree = "<group>";
		};
		4CB016BC28B33A7D0039F675 /* engine */ = {
			isa = PBXGroup;
			children = (
				4CB016CD28B4CF650039F675 /* JsApiInterface.h */,
				4CB016CF28B4CF650039F675 /* JsEngine.cpp */,
				4CB016CE28B4CF650039F675 /* JsEngine.h */,
			);
			name = engine;
			sourceTree = "<group>";
		};
		4CB016BD28B33BF90039F675 /* style */ = {
			isa = PBXGroup;
			children = (
				4CB016C028B33C190039F675 /* Style.h */,
				4CB016C228B33C1A0039F675 /* StyleEngine.cpp */,
				4CB016BF28B33C190039F675 /* StyleEngine.h */,
				4CB016C328B33C1A0039F675 /* StyleParser.cpp */,
				4CB016BE28B33C190039F675 /* StyleParser.h */,
				4CB016C128B33C1A0039F675 /* StyleSheet.cpp */,
				4CB016C428B33C1A0039F675 /* StyleSheet.h */,
			);
			name = style;
			sourceTree = "<group>";
		};
		4CB016CC28B33C4B0039F675 /* layout */ = {
			isa = PBXGroup;
			children = (
				4CB0170128B4D1A30039F675 /* Layout.cpp */,
				4CB016FF28B4D1A20039F675 /* Layout.h */,
				4CB0170028B4D1A30039F675 /* TextLayout.h */,
			);
			name = layout;
			sourceTree = "<group>";
		};
		4CB016D328B4D01F0039F675 /* thread */ = {
			isa = PBXGroup;
			children = (
				4CB016DA28B4D05D0039F675 /* Thread.cpp */,
				4CB016D928B4D05D0039F675 /* Thread.h */,
				4CB016D828B4D05D0039F675 /* ThreadExecutor.cpp */,
				4CB016D728B4D05D0039F675 /* ThreadExecutor.h */,
				4CB016D628B4D0450039F675 /* event */,
				4CB016D528B4D03F0039F675 /* time */,
				4CB016D428B4D0380039F675 /* task */,
			);
			name = thread;
			sourceTree = "<group>";
		};
		4CB016D428B4D0380039F675 /* task */ = {
			isa = PBXGroup;
			children = (
				4CB016EE28B4D0A70039F675 /* Task.cpp */,
				4CB016E928B4D0A70039F675 /* Task.h */,
				4CB016EC28B4D0A70039F675 /* TaskRunner.cpp */,
				4CB016EA28B4D0A70039F675 /* TaskRunner.h */,
				4CB016EB28B4D0A70039F675 /* TaskThread.cpp */,
				4CB016ED28B4D0A70039F675 /* TaskThread.h */,
				4C2C064728C5DA6A005EE37F /* UITaskRunner.cpp */,
				4C2C064828C5DA6A005EE37F /* UITaskRunner.h */,
				4C2C064B28C5DBEF005EE37F /* UITaskThread.cpp */,
				4C2C064C28C5DBEF005EE37F /* UITaskThread.h */,
			);
			name = task;
			sourceTree = "<group>";
		};
		4CB016D528B4D03F0039F675 /* time */ = {
			isa = PBXGroup;
			children = (
				4CB016E428B4D0910039F675 /* TimeDelta.h */,
				4CB016E328B4D0910039F675 /* TimePoint.cpp */,
				4CB016E528B4D0910039F675 /* TimePoint.h */,
			);
			name = time;
			sourceTree = "<group>";
		};
		4CB016D628B4D0450039F675 /* event */ = {
			isa = PBXGroup;
			children = (
				4CB016DF28B4D0780039F675 /* WaitEvent.cpp */,
				4CB016E028B4D0780039F675 /* WaitEvent.h */,
			);
			name = event;
			sourceTree = "<group>";
		};
		4CB016F528B4D15E0039F675 /* app */ = {
			isa = PBXGroup;
			children = (
				4CB016F628B4D16F0039F675 /* BoymueApplication.cpp */,
				4CB016F728B4D16F0039F675 /* BoymueApplication.h */,
				4C2C063C28C599C7005EE37F /* BoymueAppInfo.h */,
				4C2C063D28C59A17005EE37F /* BoymueAppInfo.cpp */,
			);
			name = app;
			sourceTree = "<group>";
		};
		4CB016FA28B4D1780039F675 /* view */ = {
			isa = PBXGroup;
			children = (
				4CB016FC28B4D18D0039F675 /* BoymueView.cpp */,
				4CB016FB28B4D18D0039F675 /* BoymueView.h */,
				4C2C065D28C74F1C005EE37F /* BoymuePage.cpp */,
				4C2C065E28C74F1C005EE37F /* BoymuePage.h */,
			);
			name = view;
			sourceTree = "<group>";
		};
		4CB0170728B4D2BB0039F675 /* apis */ = {
			isa = PBXGroup;
			children = (
				4CB0170828B4D2DB0039F675 /* JsLogApi.cpp */,
				4CB0170928B4D2DB0039F675 /* JsLogApi.h */,
				4CB0170B28B4D2DB0039F675 /* JSTestApi.cpp */,
				4CB0170A28B4D2DB0039F675 /* JSTestApi.h */,
				4C489D2F28D85C3C003E11E1 /* JsUIOperationApi.cpp */,
				4C489D3028D85C3C003E11E1 /* JsUIOperationApi.h */,
				4C489D3328D9B8FA003E11E1 /* JsXmlToJsonApi.cpp */,
				4C489D3428D9B8FA003E11E1 /* JsXmlToJsonApi.h */,
			);
			name = apis;
			sourceTree = "<group>";
		};
		4CB0171028B5DD150039F675 /* util */ = {
			isa = PBXGroup;
			children = (
				4C489D3D28DB3F49003E11E1 /* xml2json.cpp */,
				4C489D3C28DB3F49003E11E1 /* xml2json.h */,
				4CB0171128B5DD490039F675 /* StringUtil.h */,
				4CB0171228B5DD490039F675 /* StringUtil.cpp */,
				4C2C063F28C5A374005EE37F /* FileUtil.cpp */,
				4C2C064028C5A374005EE37F /* FileUtil.h */,
			);
			name = util;
			sourceTree = "<group>";
		};
		4CB0175428BF89860039F675 /* assets */ = {
			isa = PBXGroup;
			children = (
				4CB0175528BF8A640039F675 /* example */,
			);
			path = assets;
			sourceTree = "<group>";
		};
		4CCD170F28B320B800B4D4FB = {
			isa = PBXGroup;
			children = (
				4CB0169928B323BD0039F675 /* boymue */,
				4CCD171B28B320B800B4D4FB /* core */,
				4CB0175428BF89860039F675 /* assets */,
				4CCD171A28B320B800B4D4FB /* Products */,
				4CB016B028B325CA0039F675 /* Frameworks */,
			);
			sourceTree = "<group>";
		};
		4CCD171A28B320B800B4D4FB /* Products */ = {
			isa = PBXGroup;
			children = (
				4CCD171928B320B800B4D4FB /* core.framework */,
				4CB0175028BF89070039F675 /* assets.bundle */,
			);
			name = Products;
			sourceTree = "<group>";
		};
		4CCD171B28B320B800B4D4FB /* core */ = {
			isa = PBXGroup;
			children = (
				4CCD171C28B320B800B4D4FB /* core.h */,
			);
			path = core;
			sourceTree = "<group>";
		};
/* End PBXGroup section */

/* Begin PBXHeadersBuildPhase section */
		4CCD171428B320B800B4D4FB /* Headers */ = {
			isa = PBXHeadersBuildPhase;
			buildActionMask = 2147483647;
			files = (
				4C2C063028C1A77D005EE37F /* Document.h in Headers */,
				4CB016E828B4D0910039F675 /* TimePoint.h in Headers */,
				4C2C064228C5A374005EE37F /* FileUtil.h in Headers */,
				4CB016AB28B3242A0039F675 /* PaintContextIOS.h in Headers */,
				4CB016A428B323F80039F675 /* BoymueViewController.h in Headers */,
				4CBFBA8528D4790700C1CDA0 /* TextFieldElement.h in Headers */,
				4CB016F928B4D16F0039F675 /* BoymueApplication.h in Headers */,
				4CB016D028B4CF660039F675 /* JsApiInterface.h in Headers */,
				4CB0170328B4D1A30039F675 /* TextLayout.h in Headers */,
				4CB016C628B33C1A0039F675 /* StyleEngine.h in Headers */,
				4C2C065928C747EB005EE37F /* Painter.h in Headers */,
				4C2C063128C1A77D005EE37F /* DomTags.h in Headers */,
				4CB016C728B33C1A0039F675 /* Style.h in Headers */,
				4C489D3628D9B8FA003E11E1 /* JsXmlToJsonApi.h in Headers */,
				4C2C066028C74F1C005EE37F /* BoymuePage.h in Headers */,
				4C2C063828C1A77D005EE37F /* ViewElement.h in Headers */,
				4C2C062F28C1A77D005EE37F /* DocumentElement.h in Headers */,
				4C2C065228C738B0005EE37F /* ButtonElement.h in Headers */,
				4C2C064A28C5DA6A005EE37F /* UITaskRunner.h in Headers */,
				4CB016F028B4D0A70039F675 /* TaskRunner.h in Headers */,
				4CB016DB28B4D05D0039F675 /* ThreadExecutor.h in Headers */,
				4CB016C528B33C1A0039F675 /* StyleParser.h in Headers */,
				4CB016F328B4D0A70039F675 /* TaskThread.h in Headers */,
				4C2C064628C5D406005EE37F /* UITaskRunnerIOS.h in Headers */,
				4CCD171D28B320B800B4D4FB /* core.h in Headers */,
				4CB0170D28B4D2DB0039F675 /* JsLogApi.h in Headers */,
				4CB0170E28B4D2DB0039F675 /* JSTestApi.h in Headers */,
				4C2C063528C1A77D005EE37F /* TextElement.h in Headers */,
				4C2C065C28C747EB005EE37F /* TextPainter.h in Headers */,
				4C489D3228D85C3D003E11E1 /* JsUIOperationApi.h in Headers */,
				4CB016FD28B4D18E0039F675 /* BoymueView.h in Headers */,
				4CB016AA28B3242A0039F675 /* BoymueIOSGLContext.h in Headers */,
				4CB016E228B4D0780039F675 /* WaitEvent.h in Headers */,
				4CB016E728B4D0910039F675 /* TimeDelta.h in Headers */,
				4CB016A528B323F80039F675 /* BoymueAppView.h in Headers */,
				4C489D3E28DB3F49003E11E1 /* xml2json.h in Headers */,
				4C2C063428C1A77D005EE37F /* ImageElement.h in Headers */,
				4CB0171328B5DD490039F675 /* StringUtil.h in Headers */,
				4CB016CB28B33C1A0039F675 /* StyleSheet.h in Headers */,
				4C2C065B28C747EB005EE37F /* PaintInfo.h in Headers */,
				4C2C066228CA039E005EE37F /* BoymueBridge.h in Headers */,
				4CB016AF28B3243F0039F675 /* PaintContext.h in Headers */,
				4CB0170228B4D1A30039F675 /* Layout.h in Headers */,
				4C2C064E28C5DBEF005EE37F /* UITaskThread.h in Headers */,
				4CB016EF28B4D0A70039F675 /* Task.h in Headers */,
				4CB016DD28B4D05D0039F675 /* Thread.h in Headers */,
				4CB016D128B4CF660039F675 /* JsEngine.h in Headers */,
			);
			runOnlyForDeploymentPostprocessing = 0;
		};
/* End PBXHeadersBuildPhase section */

/* Begin PBXNativeTarget section */
		4CB0174F28BF89070039F675 /* assets */ = {
			isa = PBXNativeTarget;
			buildConfigurationList = 4CB0175128BF89070039F675 /* Build configuration list for PBXNativeTarget "assets" */;
			buildPhases = (
				4CB0174C28BF89070039F675 /* Sources */,
				4CB0174D28BF89070039F675 /* Frameworks */,
				4CB0174E28BF89070039F675 /* Resources */,
			);
			buildRules = (
			);
			dependencies = (
			);
			name = assets;
			productName = assets;
			productReference = 4CB0175028BF89070039F675 /* assets.bundle */;
			productType = "com.apple.product-type.bundle";
		};
		4CCD171828B320B800B4D4FB /* core */ = {
			isa = PBXNativeTarget;
			buildConfigurationList = 4CCD172028B320B800B4D4FB /* Build configuration list for PBXNativeTarget "core" */;
			buildPhases = (
				4CCD171428B320B800B4D4FB /* Headers */,
				4CCD171528B320B800B4D4FB /* Sources */,
				4CCD171628B320B800B4D4FB /* Frameworks */,
				4CCD171728B320B800B4D4FB /* Resources */,
				4C2C061B28C0847A005EE37F /* CopyFiles */,
			);
			buildRules = (
			);
			dependencies = (
			);
			name = core;
			productName = core;
			productReference = 4CCD171928B320B800B4D4FB /* core.framework */;
			productType = "com.apple.product-type.framework";
		};
/* End PBXNativeTarget section */

/* Begin PBXProject section */
		4CCD171028B320B800B4D4FB /* Project object */ = {
			isa = PBXProject;
			attributes = {
				BuildIndependentTargetsInParallel = 1;
				LastUpgradeCheck = 1310;
				TargetAttributes = {
					4CB0174F28BF89070039F675 = {
						CreatedOnToolsVersion = 13.1;
					};
					4CCD171828B320B800B4D4FB = {
						CreatedOnToolsVersion = 13.1;
					};
				};
			};
			buildConfigurationList = 4CCD171328B320B800B4D4FB /* Build configuration list for PBXProject "core" */;
			compatibilityVersion = "Xcode 13.0";
			developmentRegion = en;
			hasScannedForEncodings = 0;
			knownRegions = (
				en,
				Base,
			);
			mainGroup = 4CCD170F28B320B800B4D4FB;
			productRefGroup = 4CCD171A28B320B800B4D4FB /* Products */;
			projectDirPath = "";
			projectRoot = "";
			targets = (
				4CCD171828B320B800B4D4FB /* core */,
				4CB0174F28BF89070039F675 /* assets */,
			);
		};
/* End PBXProject section */

/* Begin PBXResourcesBuildPhase section */
		4CB0174E28BF89070039F675 /* Resources */ = {
			isa = PBXResourcesBuildPhase;
			buildActionMask = 2147483647;
			files = (
				4CB0175628BF8A640039F675 /* example in Resources */,
			);
			runOnlyForDeploymentPostprocessing = 0;
		};
		4CCD171728B320B800B4D4FB /* Resources */ = {
			isa = PBXResourcesBuildPhase;
			buildActionMask = 2147483647;
			files = (
				4CB0175728BF8AD30039F675 /* assets.bundle in Resources */,
			);
			runOnlyForDeploymentPostprocessing = 0;
		};
/* End PBXResourcesBuildPhase section */

/* Begin PBXSourcesBuildPhase section */
		4CB0174C28BF89070039F675 /* Sources */ = {
			isa = PBXSourcesBuildPhase;
			buildActionMask = 2147483647;
			files = (
			);
			runOnlyForDeploymentPostprocessing = 0;
		};
		4CCD171528B320B800B4D4FB /* Sources */ = {
			isa = PBXSourcesBuildPhase;
			buildActionMask = 2147483647;
			files = (
				4CB016D228B4CF660039F675 /* JsEngine.cpp in Sources */,
				4C2C065F28C74F1C005EE37F /* BoymuePage.cpp in Sources */,
				4CB0171428B5DD490039F675 /* StringUtil.cpp in Sources */,
				4C489D3128D85C3D003E11E1 /* JsUIOperationApi.cpp in Sources */,
				4CB0170628B4D2900039F675 /* BoymueAppView.m in Sources */,
				4CB016AC28B3242A0039F675 /* PaintContextIOS.mm in Sources */,
				4C2C063728C1A77D005EE37F /* ImageElement.cpp in Sources */,
				4CB016A228B323F80039F675 /* BoymueViewController.mm in Sources */,
				4CB016DE28B4D05D0039F675 /* Thread.cpp in Sources */,
				4C2C064128C5A374005EE37F /* FileUtil.cpp in Sources */,
				4C2C063A28C1A77D005EE37F /* DomTags.cpp in Sources */,
				4CB016C828B33C1A0039F675 /* StyleSheet.cpp in Sources */,
				4C2C063328C1A77D005EE37F /* TextElement.cpp in Sources */,
				4C2C065A28C747EB005EE37F /* Painter.cpp in Sources */,
				4C2C063E28C59A17005EE37F /* BoymueAppInfo.cpp in Sources */,
				4C2C064928C5DA6A005EE37F /* UITaskRunner.cpp in Sources */,
				4C2C063928C1A77D005EE37F /* DocumentElement.cpp in Sources */,
				4C489D3F28DB3F49003E11E1 /* xml2json.cpp in Sources */,
				4C2C065828C747EB005EE37F /* TextPainter.cpp in Sources */,
				4CB016F128B4D0A70039F675 /* TaskThread.cpp in Sources */,
				4CBFBA8428D4790700C1CDA0 /* TextFieldElement.cpp in Sources */,
				4CB016DC28B4D05D0039F675 /* ThreadExecutor.cpp in Sources */,
				4CB016FE28B4D18E0039F675 /* BoymueView.cpp in Sources */,
				4C2C064528C5D406005EE37F /* UITaskRunnerIOS.mm in Sources */,
				4CB0170428B4D1A30039F675 /* Layout.cpp in Sources */,
				4C489D3528D9B8FA003E11E1 /* JsXmlToJsonApi.cpp in Sources */,
				4C2C061928C05743005EE37F /* BoymueBridge.mm in Sources */,
				4CB016F228B4D0A70039F675 /* TaskRunner.cpp in Sources */,
				4C2C063628C1A77D005EE37F /* ViewElement.cpp in Sources */,
				4CB016F428B4D0A80039F675 /* Task.cpp in Sources */,
				4CB016E628B4D0910039F675 /* TimePoint.cpp in Sources */,
				4C2C065128C738B0005EE37F /* ButtonElement.cpp in Sources */,
				4C2C063228C1A77D005EE37F /* Document.cpp in Sources */,
				4CB016F828B4D16F0039F675 /* BoymueApplication.cpp in Sources */,
				4CB016E128B4D0780039F675 /* WaitEvent.cpp in Sources */,
				4C2C064D28C5DBEF005EE37F /* UITaskThread.cpp in Sources */,
				4CB016AD28B3242A0039F675 /* BoymueIOSGLContext.m in Sources */,
				4CB016C928B33C1A0039F675 /* StyleEngine.cpp in Sources */,
				4CB0170F28B4D2DB0039F675 /* JSTestApi.cpp in Sources */,
				4CB016CA28B33C1A0039F675 /* StyleParser.cpp in Sources */,
				4CB0170C28B4D2DB0039F675 /* JsLogApi.cpp in Sources */,
			);
			runOnlyForDeploymentPostprocessing = 0;
		};
/* End PBXSourcesBuildPhase section */

/* Begin XCBuildConfiguration section */
		4CB0175228BF89070039F675 /* Debug */ = {
			isa = XCBuildConfiguration;
			buildSettings = {
				CODE_SIGN_STYLE = Automatic;
				COMBINE_HIDPI_IMAGES = YES;
				CURRENT_PROJECT_VERSION = 1;
				ENABLE_BITCODE = NO;
				GCC_PREPROCESSOR_DEFINITIONS = (
					"DEBUG=1",
					"$(inherited)",
				);
				GENERATE_INFOPLIST_FILE = YES;
				INFOPLIST_KEY_NSHumanReadableCopyright = "";
				INFOPLIST_KEY_NSPrincipalClass = "";
				INSTALL_PATH = "$(LOCAL_LIBRARY_DIR)/Bundles";
				MACOSX_DEPLOYMENT_TARGET = 11.4;
				MARKETING_VERSION = 1.0;
				PRODUCT_BUNDLE_IDENTIFIER = com.boymue.assets;
				PRODUCT_NAME = "$(TARGET_NAME)";
				SDKROOT = iphoneos;
				SKIP_INSTALL = YES;
				SWIFT_EMIT_LOC_STRINGS = YES;
				VERSIONING_SYSTEM = "";
				WRAPPER_EXTENSION = bundle;
			};
			name = Debug;
		};
		4CB0175328BF89070039F675 /* Release */ = {
			isa = XCBuildConfiguration;
			buildSettings = {
				CODE_SIGN_STYLE = Automatic;
				COMBINE_HIDPI_IMAGES = YES;
				CURRENT_PROJECT_VERSION = 1;
				ENABLE_BITCODE = NO;
				GENERATE_INFOPLIST_FILE = YES;
				INFOPLIST_KEY_NSHumanReadableCopyright = "";
				INFOPLIST_KEY_NSPrincipalClass = "";
				INSTALL_PATH = "$(LOCAL_LIBRARY_DIR)/Bundles";
				MACOSX_DEPLOYMENT_TARGET = 11.4;
				MARKETING_VERSION = 1.0;
				PRODUCT_BUNDLE_IDENTIFIER = com.boymue.assets;
				PRODUCT_NAME = "$(TARGET_NAME)";
				SDKROOT = iphoneos;
				SKIP_INSTALL = YES;
				SWIFT_EMIT_LOC_STRINGS = YES;
				VERSIONING_SYSTEM = "";
				WRAPPER_EXTENSION = bundle;
			};
			name = Release;
		};
		4CCD171E28B320B800B4D4FB /* Debug */ = {
			isa = XCBuildConfiguration;
			buildSettings = {
				ALWAYS_SEARCH_USER_PATHS = NO;
				CLANG_ANALYZER_NONNULL = YES;
				CLANG_ANALYZER_NUMBER_OBJECT_CONVERSION = YES_AGGRESSIVE;
				CLANG_CXX_LANGUAGE_STANDARD = "gnu++17";
				CLANG_CXX_LIBRARY = "libc++";
				CLANG_ENABLE_MODULES = YES;
				CLANG_ENABLE_OBJC_ARC = YES;
				CLANG_ENABLE_OBJC_WEAK = YES;
				CLANG_WARN_BLOCK_CAPTURE_AUTORELEASING = YES;
				CLANG_WARN_BOOL_CONVERSION = YES;
				CLANG_WARN_COMMA = YES;
				CLANG_WARN_CONSTANT_CONVERSION = YES;
				CLANG_WARN_DEPRECATED_OBJC_IMPLEMENTATIONS = YES;
				CLANG_WARN_DIRECT_OBJC_ISA_USAGE = YES_ERROR;
				CLANG_WARN_DOCUMENTATION_COMMENTS = YES;
				CLANG_WARN_EMPTY_BODY = YES;
				CLANG_WARN_ENUM_CONVERSION = YES;
				CLANG_WARN_INFINITE_RECURSION = YES;
				CLANG_WARN_INT_CONVERSION = YES;
				CLANG_WARN_NON_LITERAL_NULL_CONVERSION = YES;
				CLANG_WARN_OBJC_IMPLICIT_RETAIN_SELF = YES;
				CLANG_WARN_OBJC_LITERAL_CONVERSION = YES;
				CLANG_WARN_OBJC_ROOT_CLASS = YES_ERROR;
				CLANG_WARN_QUOTED_INCLUDE_IN_FRAMEWORK_HEADER = YES;
				CLANG_WARN_RANGE_LOOP_ANALYSIS = YES;
				CLANG_WARN_STRICT_PROTOTYPES = YES;
				CLANG_WARN_SUSPICIOUS_MOVE = YES;
				CLANG_WARN_UNGUARDED_AVAILABILITY = YES_AGGRESSIVE;
				CLANG_WARN_UNREACHABLE_CODE = YES;
				CLANG_WARN__DUPLICATE_METHOD_MATCH = YES;
				COPY_PHASE_STRIP = NO;
				CURRENT_PROJECT_VERSION = 1;
				DEBUG_INFORMATION_FORMAT = dwarf;
				ENABLE_STRICT_OBJC_MSGSEND = YES;
				ENABLE_TESTABILITY = YES;
				GCC_C_LANGUAGE_STANDARD = gnu11;
				GCC_DYNAMIC_NO_PIC = NO;
				GCC_NO_COMMON_BLOCKS = YES;
				GCC_OPTIMIZATION_LEVEL = 0;
				GCC_PREPROCESSOR_DEFINITIONS = (
					"DEBUG=1",
					GLES_SILENCE_DEPRECATION,
					"$(inherited)",
				);
				GCC_WARN_64_TO_32_BIT_CONVERSION = YES;
				GCC_WARN_ABOUT_RETURN_TYPE = YES_ERROR;
				GCC_WARN_UNDECLARED_SELECTOR = YES;
				GCC_WARN_UNINITIALIZED_AUTOS = YES_AGGRESSIVE;
				GCC_WARN_UNUSED_FUNCTION = YES;
				GCC_WARN_UNUSED_VARIABLE = YES;
				IPHONEOS_DEPLOYMENT_TARGET = 15.0;
				MTL_ENABLE_DEBUG_INFO = INCLUDE_SOURCE;
				MTL_FAST_MATH = YES;
				ONLY_ACTIVE_ARCH = YES;
				SDKROOT = iphoneos;
				VERSIONING_SYSTEM = "apple-generic";
				VERSION_INFO_PREFIX = "";
			};
			name = Debug;
		};
		4CCD171F28B320B800B4D4FB /* Release */ = {
			isa = XCBuildConfiguration;
			buildSettings = {
				ALWAYS_SEARCH_USER_PATHS = NO;
				CLANG_ANALYZER_NONNULL = YES;
				CLANG_ANALYZER_NUMBER_OBJECT_CONVERSION = YES_AGGRESSIVE;
				CLANG_CXX_LANGUAGE_STANDARD = "gnu++17";
				CLANG_CXX_LIBRARY = "libc++";
				CLANG_ENABLE_MODULES = YES;
				CLANG_ENABLE_OBJC_ARC = YES;
				CLANG_ENABLE_OBJC_WEAK = YES;
				CLANG_WARN_BLOCK_CAPTURE_AUTORELEASING = YES;
				CLANG_WARN_BOOL_CONVERSION = YES;
				CLANG_WARN_COMMA = YES;
				CLANG_WARN_CONSTANT_CONVERSION = YES;
				CLANG_WARN_DEPRECATED_OBJC_IMPLEMENTATIONS = YES;
				CLANG_WARN_DIRECT_OBJC_ISA_USAGE = YES_ERROR;
				CLANG_WARN_DOCUMENTATION_COMMENTS = YES;
				CLANG_WARN_EMPTY_BODY = YES;
				CLANG_WARN_ENUM_CONVERSION = YES;
				CLANG_WARN_INFINITE_RECURSION = YES;
				CLANG_WARN_INT_CONVERSION = YES;
				CLANG_WARN_NON_LITERAL_NULL_CONVERSION = YES;
				CLANG_WARN_OBJC_IMPLICIT_RETAIN_SELF = YES;
				CLANG_WARN_OBJC_LITERAL_CONVERSION = YES;
				CLANG_WARN_OBJC_ROOT_CLASS = YES_ERROR;
				CLANG_WARN_QUOTED_INCLUDE_IN_FRAMEWORK_HEADER = YES;
				CLANG_WARN_RANGE_LOOP_ANALYSIS = YES;
				CLANG_WARN_STRICT_PROTOTYPES = YES;
				CLANG_WARN_SUSPICIOUS_MOVE = YES;
				CLANG_WARN_UNGUARDED_AVAILABILITY = YES_AGGRESSIVE;
				CLANG_WARN_UNREACHABLE_CODE = YES;
				CLANG_WARN__DUPLICATE_METHOD_MATCH = YES;
				COPY_PHASE_STRIP = NO;
				CURRENT_PROJECT_VERSION = 1;
				DEBUG_INFORMATION_FORMAT = "dwarf-with-dsym";
				ENABLE_NS_ASSERTIONS = NO;
				ENABLE_STRICT_OBJC_MSGSEND = YES;
				GCC_C_LANGUAGE_STANDARD = gnu11;
				GCC_NO_COMMON_BLOCKS = YES;
				GCC_WARN_64_TO_32_BIT_CONVERSION = YES;
				GCC_WARN_ABOUT_RETURN_TYPE = YES_ERROR;
				GCC_WARN_UNDECLARED_SELECTOR = YES;
				GCC_WARN_UNINITIALIZED_AUTOS = YES_AGGRESSIVE;
				GCC_WARN_UNUSED_FUNCTION = YES;
				GCC_WARN_UNUSED_VARIABLE = YES;
				IPHONEOS_DEPLOYMENT_TARGET = 15.0;
				MTL_ENABLE_DEBUG_INFO = NO;
				MTL_FAST_MATH = YES;
				SDKROOT = iphoneos;
				VALIDATE_PRODUCT = YES;
				VERSIONING_SYSTEM = "apple-generic";
				VERSION_INFO_PREFIX = "";
			};
			name = Release;
		};
		4CCD172128B320B800B4D4FB /* Debug */ = {
			isa = XCBuildConfiguration;
			buildSettings = {
				CODE_SIGN_STYLE = Automatic;
				CURRENT_PROJECT_VERSION = 1;
				DEFINES_MODULE = YES;
				DYLIB_COMPATIBILITY_VERSION = 1;
				DYLIB_CURRENT_VERSION = 1;
				DYLIB_INSTALL_NAME_BASE = "@rpath";
				GCC_PREPROCESSOR_DEFINITIONS = (
					"DEBUG=1",
					GLES_SILENCE_DEPRECATION,
					"ENABLE_BOYMUE_IOS=1",
					"$(inherited)",
				);
				GENERATE_INFOPLIST_FILE = YES;
				HEADER_SEARCH_PATHS = (
					"$(PROJECT_DIR)/../../../framework/thirdparty/skia/include/core",
					"$(PROJECT_DIR)/../../../framework/thirdparty/skia/include/utils",
					"$(PROJECT_DIR)/../../../framework/thirdparty",
					"$(PROJECT_DIR)/../../../framework/thirdparty/skia/include/config",
					"$(PROJECT_DIR)/../../../framework/thirdparty/skia/include/gpu",
					"$(PROJECT_DIR)/../../../framework/thirdparty/expat",
					"$(PROJECT_DIR)/../../../framework/boymue/platform/ios",
					"$(PROJECT_DIR)/../../../framework/boymue/platform",
					"$(PROJECT_DIR)/../../../framework/boymue/core/view",
					"$(PROJECT_DIR)/../../../framework/boymue/core/paint",
					"$(PROJECT_DIR)/../../../framework/boymue/thread",
					"$(PROJECT_DIR)/../../../framework/boymue/thread/event",
					"$(PROJECT_DIR)/../../../framework/boymue/thread/time",
					"$(PROJECT_DIR)/../../../framework/boymue/thread/task",
					"$(PROJECT_DIR)/../../../framework/boymue/app",
					"$(PROJECT_DIR)/../../../framework/boymue/apis",
					"$(PROJECT_DIR)/../../../framework/boymue/util",
					"$(PROJECT_DIR)/../../../framework/thirdparty/quickjs/",
					"$(PROJECT_DIR)/../../../framework/thirdparty/rapidjson/include",
					"$(PROJECT_DIR)/../../../framework/thirdparty/rapidxml/include",
				);
				INFOPLIST_KEY_NSHumanReadableCopyright = "";
				INSTALL_PATH = "$(LOCAL_LIBRARY_DIR)/Frameworks";
				LD_RUNPATH_SEARCH_PATHS = (
					"$(inherited)",
					"@executable_path/Frameworks",
					"@loader_path/Frameworks",
				);
				MARKETING_VERSION = 1.0;
				PRODUCT_BUNDLE_IDENTIFIER = com.boymue.core;
				PRODUCT_NAME = "$(TARGET_NAME:c99extidentifier)";
				SKIP_INSTALL = YES;
				SWIFT_EMIT_LOC_STRINGS = YES;
				TARGETED_DEVICE_FAMILY = "1,2";
				WARNING_CFLAGS = "";
			};
			name = Debug;
		};
		4CCD172228B320B800B4D4FB /* Release */ = {
			isa = XCBuildConfiguration;
			buildSettings = {
				CODE_SIGN_STYLE = Automatic;
				CURRENT_PROJECT_VERSION = 1;
				DEFINES_MODULE = YES;
				DYLIB_COMPATIBILITY_VERSION = 1;
				DYLIB_CURRENT_VERSION = 1;
				DYLIB_INSTALL_NAME_BASE = "@rpath";
				GCC_PREPROCESSOR_DEFINITIONS = (
					GLES_SILENCE_DEPRECATION,
					"ENABLE_BOYMUE_IOS=1",
					"$(inherited)",
				);
				GENERATE_INFOPLIST_FILE = YES;
				HEADER_SEARCH_PATHS = (
					"$(PROJECT_DIR)/../../../framework/thirdparty/skia/include/core",
					"$(PROJECT_DIR)/../../../framework/thirdparty/skia/include/utils",
					"$(PROJECT_DIR)/../../../framework/thirdparty",
					"$(PROJECT_DIR)/../../../framework/thirdparty/skia/include/config",
					"$(PROJECT_DIR)/../../../framework/thirdparty/skia/include/gpu",
					"$(PROJECT_DIR)/../../../framework/thirdparty/expat",
					"$(PROJECT_DIR)/../../../framework/boymue/platform/ios",
					"$(PROJECT_DIR)/../../../framework/boymue/platform",
					"$(PROJECT_DIR)/../../../framework/boymue/core/view",
					"$(PROJECT_DIR)/../../../framework/boymue/core/paint",
					"$(PROJECT_DIR)/../../../framework/boymue/thread",
					"$(PROJECT_DIR)/../../../framework/boymue/thread/event",
					"$(PROJECT_DIR)/../../../framework/boymue/thread/time",
					"$(PROJECT_DIR)/../../../framework/boymue/thread/task",
					"$(PROJECT_DIR)/../../../framework/boymue/app",
					"$(PROJECT_DIR)/../../../framework/boymue/apis",
					"$(PROJECT_DIR)/../../../framework/boymue/util",
					"$(PROJECT_DIR)/../../../framework/thirdparty/quickjs/",
					"$(PROJECT_DIR)/../../../framework/thirdparty/rapidjson/include",
					"$(PROJECT_DIR)/../../../framework/thirdparty/rapidxml/include",
				);
				INFOPLIST_KEY_NSHumanReadableCopyright = "";
				INSTALL_PATH = "$(LOCAL_LIBRARY_DIR)/Frameworks";
				LD_RUNPATH_SEARCH_PATHS = (
					"$(inherited)",
					"@executable_path/Frameworks",
					"@loader_path/Frameworks",
				);
				MARKETING_VERSION = 1.0;
				PRODUCT_BUNDLE_IDENTIFIER = com.boymue.core;
				PRODUCT_NAME = "$(TARGET_NAME:c99extidentifier)";
				SKIP_INSTALL = YES;
				SWIFT_EMIT_LOC_STRINGS = YES;
				TARGETED_DEVICE_FAMILY = "1,2";
				WARNING_CFLAGS = "";
			};
			name = Release;
		};
/* End XCBuildConfiguration section */

/* Begin XCConfigurationList section */
		4CB0175128BF89070039F675 /* Build configuration list for PBXNativeTarget "assets" */ = {
			isa = XCConfigurationList;
			buildConfigurations = (
				4CB0175228BF89070039F675 /* Debug */,
				4CB0175328BF89070039F675 /* Release */,
			);
			defaultConfigurationIsVisible = 0;
			defaultConfigurationName = Release;
		};
		4CCD171328B320B800B4D4FB /* Build configuration list for PBXProject "core" */ = {
			isa = XCConfigurationList;
			buildConfigurations = (
				4CCD171E28B320B800B4D4FB /* Debug */,
				4CCD171F28B320B800B4D4FB /* Release */,
			);
			defaultConfigurationIsVisible = 0;
			defaultConfigurationName = Release;
		};
		4CCD172028B320B800B4D4FB /* Build configuration list for PBXNativeTarget "core" */ = {
			isa = XCConfigurationList;
			buildConfigurations = (
				4CCD172128B320B800B4D4FB /* Debug */,
				4CCD172228B320B800B4D4FB /* Release */,
			);
			defaultConfigurationIsVisible = 0;
			defaultConfigurationName = Release;
		};
/* End XCConfigurationList section */
	};
	rootObject = 4CCD171028B320B800B4D4FB /* Project object */;
}
