<?xml version="1.0" encoding="utf-8"?>
<Project ToolsVersion="4.0" xmlns="http://schemas.microsoft.com/developer/msbuild/2003">
  <ItemGroup>
    <Filter Include="源文件">
      <UniqueIdentifier>{4FC737F1-C7A5-4376-A066-2A32D752A2FF}</UniqueIdentifier>
      <Extensions>cpp;c;cc;cxx;def;odl;idl;hpj;bat;asm;asmx</Extensions>
    </Filter>
    <Filter Include="头文件">
      <UniqueIdentifier>{93995380-89BD-4b04-88EB-625FBE52EBFB}</UniqueIdentifier>
      <Extensions>h;hh;hpp;hxx;hm;inl;inc;ipp;xsd</Extensions>
    </Filter>
    <Filter Include="资源文件">
      <UniqueIdentifier>{67DA6AB6-F800-4c08-8B7A-83BB121AAD01}</UniqueIdentifier>
      <Extensions>rc;ico;cur;bmp;dlg;rc2;rct;bin;rgs;gif;jpg;jpeg;jpe;resx;tiff;tif;png;wav;mfcribbon-ms</Extensions>
    </Filter>
    <Filter Include="include">
      <UniqueIdentifier>{9170b758-6c4c-4c4b-bab2-cc86b77bfa0e}</UniqueIdentifier>
    </Filter>
    <Filter Include="src">
      <UniqueIdentifier>{ba440a4b-fe83-40da-a49e-8628de0e4894}</UniqueIdentifier>
    </Filter>
  </ItemGroup>
  <ItemGroup>
    <ClInclude Include="framework.h">
      <Filter>头文件</Filter>
    </ClInclude>
    <ClInclude Include="pch.h">
      <Filter>头文件</Filter>
    </ClInclude>
    <ClInclude Include="..\..\..\framework\thirdparty\png\include\config.h">
      <Filter>include</Filter>
    </ClInclude>
    <ClInclude Include="..\..\..\framework\thirdparty\png\include\png.h">
      <Filter>include</Filter>
    </ClInclude>
    <ClInclude Include="..\..\..\framework\thirdparty\png\include\pngconf.h">
      <Filter>include</Filter>
    </ClInclude>
    <ClInclude Include="..\..\..\framework\thirdparty\png\include\pngdebug.h">
      <Filter>include</Filter>
    </ClInclude>
    <ClInclude Include="..\..\..\framework\thirdparty\png\include\pnginfo.h">
      <Filter>include</Filter>
    </ClInclude>
    <ClInclude Include="..\..\..\framework\thirdparty\png\include\pnglibconf.h">
      <Filter>include</Filter>
    </ClInclude>
    <ClInclude Include="..\..\..\framework\thirdparty\png\include\pngpriv.h">
      <Filter>include</Filter>
    </ClInclude>
    <ClInclude Include="..\..\..\framework\thirdparty\png\include\pngstruct.h">
      <Filter>include</Filter>
    </ClInclude>
    <ClInclude Include="..\..\..\framework\thirdparty\png\include\pngusr.h">
      <Filter>include</Filter>
    </ClInclude>
  </ItemGroup>
  <ItemGroup>
    <ClCompile Include="dllmain.cpp">
      <Filter>源文件</Filter>
    </ClCompile>
    <ClCompile Include="pch.cpp">
      <Filter>源文件</Filter>
    </ClCompile>
    <ClCompile Include="..\..\..\framework\thirdparty\png\source\png.c">
      <Filter>src</Filter>
    </ClCompile>
    <ClCompile Include="..\..\..\framework\thirdparty\png\source\pngerror.c">
      <Filter>src</Filter>
    </ClCompile>
    <ClCompile Include="..\..\..\framework\thirdparty\png\source\pngget.c">
      <Filter>src</Filter>
    </ClCompile>
    <ClCompile Include="..\..\..\framework\thirdparty\png\source\pngmem.c">
      <Filter>src</Filter>
    </ClCompile>
    <ClCompile Include="..\..\..\framework\thirdparty\png\source\pngpread.c">
      <Filter>src</Filter>
    </ClCompile>
    <ClCompile Include="..\..\..\framework\thirdparty\png\source\pngread.c">
      <Filter>src</Filter>
    </ClCompile>
    <ClCompile Include="..\..\..\framework\thirdparty\png\source\pngrio.c">
      <Filter>src</Filter>
    </ClCompile>
    <ClCompile Include="..\..\..\framework\thirdparty\png\source\pngrtran.c">
      <Filter>src</Filter>
    </ClCompile>
    <ClCompile Include="..\..\..\framework\thirdparty\png\source\pngrutil.c">
      <Filter>src</Filter>
    </ClCompile>
    <ClCompile Include="..\..\..\framework\thirdparty\png\source\pngset.c">
      <Filter>src</Filter>
    </ClCompile>
    <ClCompile Include="..\..\..\framework\thirdparty\png\source\pngtest.c">
      <Filter>src</Filter>
    </ClCompile>
    <ClCompile Include="..\..\..\framework\thirdparty\png\source\pngtrans.c">
      <Filter>src</Filter>
    </ClCompile>
    <ClCompile Include="..\..\..\framework\thirdparty\png\source\pngwio.c">
      <Filter>src</Filter>
    </ClCompile>
    <ClCompile Include="..\..\..\framework\thirdparty\png\source\pngwrite.c">
      <Filter>src</Filter>
    </ClCompile>
    <ClCompile Include="..\..\..\framework\thirdparty\png\source\pngwtran.c">
      <Filter>src</Filter>
    </ClCompile>
    <ClCompile Include="..\..\..\framework\thirdparty\png\source\pngwutil.c">
      <Filter>src</Filter>
    </ClCompile>
  </ItemGroup>
</Project>